// !$*UTF8*$!
{
	archiveVersion = 1;
	classes = {
	};
	objectVersion = 50;
	objects = {

/* Begin PBXBuildFile section */
		4C1CFD5F2730295F001663CE /* ImageCodec.swift in Sources */ = {isa = PBXBuildFile; fileRef = 4C1CFD5E2730295F001663CE /* ImageCodec.swift */; };
		4C1CFD6127303611001663CE /* Stripe.swift in Sources */ = {isa = PBXBuildFile; fileRef = 4C1CFD6027303611001663CE /* Stripe.swift */; };
		4C33EF71271BA9B800323220 /* DetailsView.swift in Sources */ = {isa = PBXBuildFile; fileRef = 4C33EF70271BA9B800323220 /* DetailsView.swift */; };
		4C40806A271B972500A76C75 /* Data+Ext.swift in Sources */ = {isa = PBXBuildFile; fileRef = 4C408069271B972500A76C75 /* Data+Ext.swift */; };
		4C40806E271B976C00A76C75 /* UInt8+Ext.swift in Sources */ = {isa = PBXBuildFile; fileRef = 4C40806D271B976C00A76C75 /* UInt8+Ext.swift */; };
		4C408070271B97A500A76C75 /* UInt16+Ext.swift in Sources */ = {isa = PBXBuildFile; fileRef = 4C40806F271B97A500A76C75 /* UInt16+Ext.swift */; };
		4C408072271B97BC00A76C75 /* UInt32+Ext.swift in Sources */ = {isa = PBXBuildFile; fileRef = 4C408071271B97BC00A76C75 /* UInt32+Ext.swift */; };
		4C5CDFA427176B7F0090BA59 /* TreeNode.swift in Sources */ = {isa = PBXBuildFile; fileRef = 4C5CDFA327176B7F0090BA59 /* TreeNode.swift */; };
		4C5CDFAA271777140090BA59 /* QueueArray.swift in Sources */ = {isa = PBXBuildFile; fileRef = 4C5CDFA9271777140090BA59 /* QueueArray.swift */; };
		4C637CC927207F6200634F8E /* InspectView.swift in Sources */ = {isa = PBXBuildFile; fileRef = 4C637CC827207F6200634F8E /* InspectView.swift */; };
		4C637CCB27209E3600634F8E /* RNAM.swift in Sources */ = {isa = PBXBuildFile; fileRef = 4C637CCA27209E3600634F8E /* RNAM.swift */; };
		4C79B81A271C23D00030E564 /* ScummVersion.swift in Sources */ = {isa = PBXBuildFile; fileRef = 4C79B819271C23D00030E564 /* ScummVersion.swift */; };
		4C79B81C271C26470030E564 /* URL+Ext.swift in Sources */ = {isa = PBXBuildFile; fileRef = 4C79B81B271C26470030E564 /* URL+Ext.swift */; };
		4C79B825271D77FD0030E564 /* Block.swift in Sources */ = {isa = PBXBuildFile; fileRef = 4C79B824271D77FD0030E564 /* Block.swift */; };
		4C79B827271D8CC40030E564 /* ScummFile.swift in Sources */ = {isa = PBXBuildFile; fileRef = 4C79B826271D8CC40030E564 /* ScummFile.swift */; };
		4C79B829271E3C340030E564 /* BlockInfoView.swift in Sources */ = {isa = PBXBuildFile; fileRef = 4C79B828271E3C340030E564 /* BlockInfoView.swift */; };
		4C7A492D272586D900257C3F /* ScummImage.swift in Sources */ = {isa = PBXBuildFile; fileRef = 4C7A492C272586D900257C3F /* ScummImage.swift */; };
		4C872D372720CA94007FCCA7 /* RNAMView.swift in Sources */ = {isa = PBXBuildFile; fileRef = 4C872D362720CA94007FCCA7 /* RNAMView.swift */; };
		4C872D392720CB52007FCCA7 /* MAXSView.swift in Sources */ = {isa = PBXBuildFile; fileRef = 4C872D382720CB52007FCCA7 /* MAXSView.swift */; };
		4C872D3B2720D084007FCCA7 /* MAXS.swift in Sources */ = {isa = PBXBuildFile; fileRef = 4C872D3A2720D084007FCCA7 /* MAXS.swift */; };
		4C872D3D2720DA5E007FCCA7 /* ValueFieldView.swift in Sources */ = {isa = PBXBuildFile; fileRef = 4C872D3C2720DA5E007FCCA7 /* ValueFieldView.swift */; };
		4C872D3F27211783007FCCA7 /* BottomBarView.swift in Sources */ = {isa = PBXBuildFile; fileRef = 4C872D3E27211783007FCCA7 /* BottomBarView.swift */; };
		4C872D4127211E8D007FCCA7 /* Directory.swift in Sources */ = {isa = PBXBuildFile; fileRef = 4C872D4027211E8D007FCCA7 /* Directory.swift */; };
		4C872D432721212E007FCCA7 /* DirectoryView.swift in Sources */ = {isa = PBXBuildFile; fileRef = 4C872D422721212E007FCCA7 /* DirectoryView.swift */; };
		4C872D452721751C007FCCA7 /* BlockType.swift in Sources */ = {isa = PBXBuildFile; fileRef = 4C872D442721751C007FCCA7 /* BlockType.swift */; };
		4C872D4727217BA6007FCCA7 /* README.md in Resources */ = {isa = PBXBuildFile; fileRef = 4C872D4627217BA6007FCCA7 /* README.md */; };
		4C8A0B3F27177B040088A49B /* QueueProtocol.swift in Sources */ = {isa = PBXBuildFile; fileRef = 4C8A0B3E27177B040088A49B /* QueueProtocol.swift */; };
		4C8A0B4127177B360088A49B /* QueueStack.swift in Sources */ = {isa = PBXBuildFile; fileRef = 4C8A0B4027177B360088A49B /* QueueStack.swift */; };
		4C8A0B44271786F50088A49B /* ScummStore.swift in Sources */ = {isa = PBXBuildFile; fileRef = 4C8A0B43271786F50088A49B /* ScummStore.swift */; };
		4C8A0B4A271790240088A49B /* ScummStoreDevData.swift in Sources */ = {isa = PBXBuildFile; fileRef = 4C8A0B49271790240088A49B /* ScummStoreDevData.swift */; };
		4C9F3D982723C4260052EEE2 /* CLUT.swift in Sources */ = {isa = PBXBuildFile; fileRef = 4C9F3D972723C4260052EEE2 /* CLUT.swift */; };
		4C9F3D9A2723C6570052EEE2 /* CLUTView.swift in Sources */ = {isa = PBXBuildFile; fileRef = 4C9F3D992723C6570052EEE2 /* CLUTView.swift */; };
		4C9F3D9C2724476D0052EEE2 /* Bitstream.swift in Sources */ = {isa = PBXBuildFile; fileRef = 4C9F3D9B2724476D0052EEE2 /* Bitstream.swift */; };
		4C9F3D9E272447950052EEE2 /* Bitmap.swift in Sources */ = {isa = PBXBuildFile; fileRef = 4C9F3D9D272447950052EEE2 /* Bitmap.swift */; };
		4C9F3DA02724481D0052EEE2 /* SMAP.swift in Sources */ = {isa = PBXBuildFile; fileRef = 4C9F3D9F2724481D0052EEE2 /* SMAP.swift */; };
		4C9F3DA22724A7E80052EEE2 /* SMAPView.swift in Sources */ = {isa = PBXBuildFile; fileRef = 4C9F3DA12724A7E80052EEE2 /* SMAPView.swift */; };
		4CD01E6C272DD0EB0022462F /* CGImage+Ext.swift in Sources */ = {isa = PBXBuildFile; fileRef = 4CD01E6B272DD0EB0022462F /* CGImage+Ext.swift */; };
		4CD23D7D2716D66400832C4E /* ScummViewerApp.swift in Sources */ = {isa = PBXBuildFile; fileRef = 4CD23D7C2716D66400832C4E /* ScummViewerApp.swift */; };
		4CD23D7F2716D66400832C4E /* ContentView.swift in Sources */ = {isa = PBXBuildFile; fileRef = 4CD23D7E2716D66400832C4E /* ContentView.swift */; };
		4CD23D812716D66600832C4E /* Assets.xcassets in Resources */ = {isa = PBXBuildFile; fileRef = 4CD23D802716D66600832C4E /* Assets.xcassets */; };
		4CD23D842716D66600832C4E /* Preview Assets.xcassets in Resources */ = {isa = PBXBuildFile; fileRef = 4CD23D832716D66600832C4E /* Preview Assets.xcassets */; };
		4CD9F4D72722217A00D3F0D7 /* InputFieldView.swift in Sources */ = {isa = PBXBuildFile; fileRef = 4CD9F4D62722217A00D3F0D7 /* InputFieldView.swift */; };
		4CE24556271F99E4007D7847 /* HexEditorView.swift in Sources */ = {isa = PBXBuildFile; fileRef = 4CE24555271F99E4007D7847 /* HexEditorView.swift */; };
		4CEFF22C271AEE14001021C9 /* NavigatorView.swift in Sources */ = {isa = PBXBuildFile; fileRef = 4CEFF22B271AEE14001021C9 /* NavigatorView.swift */; };
		4CF2240B2721B7BC0006F1CE /* DirectoryOfObjects.swift in Sources */ = {isa = PBXBuildFile; fileRef = 4CF2240A2721B7BC0006F1CE /* DirectoryOfObjects.swift */; };
		4CF22411272207870006F1CE /* LOFF.swift in Sources */ = {isa = PBXBuildFile; fileRef = 4CF22410272207870006F1CE /* LOFF.swift */; };
		4CF2241427220AFF0006F1CE /* LOFFView.swift in Sources */ = {isa = PBXBuildFile; fileRef = 4CF2241327220AFF0006F1CE /* LOFFView.swift */; };
		4CF224172722109D0006F1CE /* RMHD.swift in Sources */ = {isa = PBXBuildFile; fileRef = 4CF224162722109D0006F1CE /* RMHD.swift */; };
		4CF22419272210B10006F1CE /* RMHDView.swift in Sources */ = {isa = PBXBuildFile; fileRef = 4CF22418272210B10006F1CE /* RMHDView.swift */; };
/* End PBXBuildFile section */

/* Begin PBXFileReference section */
		4C1CFD5E2730295F001663CE /* ImageCodec.swift */ = {isa = PBXFileReference; lastKnownFileType = sourcecode.swift; path = ImageCodec.swift; sourceTree = "<group>"; };
		4C1CFD6027303611001663CE /* Stripe.swift */ = {isa = PBXFileReference; lastKnownFileType = sourcecode.swift; path = Stripe.swift; sourceTree = "<group>"; };
		4C33EF70271BA9B800323220 /* DetailsView.swift */ = {isa = PBXFileReference; lastKnownFileType = sourcecode.swift; path = DetailsView.swift; sourceTree = "<group>"; };
		4C408069271B972500A76C75 /* Data+Ext.swift */ = {isa = PBXFileReference; lastKnownFileType = sourcecode.swift; path = "Data+Ext.swift"; sourceTree = "<group>"; };
		4C40806D271B976C00A76C75 /* UInt8+Ext.swift */ = {isa = PBXFileReference; lastKnownFileType = sourcecode.swift; path = "UInt8+Ext.swift"; sourceTree = "<group>"; };
		4C40806F271B97A500A76C75 /* UInt16+Ext.swift */ = {isa = PBXFileReference; lastKnownFileType = sourcecode.swift; path = "UInt16+Ext.swift"; sourceTree = "<group>"; };
		4C408071271B97BC00A76C75 /* UInt32+Ext.swift */ = {isa = PBXFileReference; lastKnownFileType = sourcecode.swift; path = "UInt32+Ext.swift"; sourceTree = "<group>"; };
		4C5CDFA327176B7F0090BA59 /* TreeNode.swift */ = {isa = PBXFileReference; lastKnownFileType = sourcecode.swift; path = TreeNode.swift; sourceTree = "<group>"; };
		4C5CDFA9271777140090BA59 /* QueueArray.swift */ = {isa = PBXFileReference; lastKnownFileType = sourcecode.swift; path = QueueArray.swift; sourceTree = "<group>"; };
		4C637CC827207F6200634F8E /* InspectView.swift */ = {isa = PBXFileReference; lastKnownFileType = sourcecode.swift; path = InspectView.swift; sourceTree = "<group>"; };
		4C637CCA27209E3600634F8E /* RNAM.swift */ = {isa = PBXFileReference; lastKnownFileType = sourcecode.swift; path = RNAM.swift; sourceTree = "<group>"; };
		4C79B819271C23D00030E564 /* ScummVersion.swift */ = {isa = PBXFileReference; lastKnownFileType = sourcecode.swift; path = ScummVersion.swift; sourceTree = "<group>"; };
		4C79B81B271C26470030E564 /* URL+Ext.swift */ = {isa = PBXFileReference; lastKnownFileType = sourcecode.swift; path = "URL+Ext.swift"; sourceTree = "<group>"; };
		4C79B824271D77FD0030E564 /* Block.swift */ = {isa = PBXFileReference; lastKnownFileType = sourcecode.swift; path = Block.swift; sourceTree = "<group>"; };
		4C79B826271D8CC40030E564 /* ScummFile.swift */ = {isa = PBXFileReference; lastKnownFileType = sourcecode.swift; path = ScummFile.swift; sourceTree = "<group>"; };
		4C79B828271E3C340030E564 /* BlockInfoView.swift */ = {isa = PBXFileReference; lastKnownFileType = sourcecode.swift; path = BlockInfoView.swift; sourceTree = "<group>"; };
		4C7A492C272586D900257C3F /* ScummImage.swift */ = {isa = PBXFileReference; lastKnownFileType = sourcecode.swift; path = ScummImage.swift; sourceTree = "<group>"; };
		4C872D362720CA94007FCCA7 /* RNAMView.swift */ = {isa = PBXFileReference; lastKnownFileType = sourcecode.swift; path = RNAMView.swift; sourceTree = "<group>"; };
		4C872D382720CB52007FCCA7 /* MAXSView.swift */ = {isa = PBXFileReference; lastKnownFileType = sourcecode.swift; path = MAXSView.swift; sourceTree = "<group>"; };
		4C872D3A2720D084007FCCA7 /* MAXS.swift */ = {isa = PBXFileReference; lastKnownFileType = sourcecode.swift; path = MAXS.swift; sourceTree = "<group>"; };
		4C872D3C2720DA5E007FCCA7 /* ValueFieldView.swift */ = {isa = PBXFileReference; lastKnownFileType = sourcecode.swift; path = ValueFieldView.swift; sourceTree = "<group>"; };
		4C872D3E27211783007FCCA7 /* BottomBarView.swift */ = {isa = PBXFileReference; lastKnownFileType = sourcecode.swift; path = BottomBarView.swift; sourceTree = "<group>"; };
		4C872D4027211E8D007FCCA7 /* Directory.swift */ = {isa = PBXFileReference; lastKnownFileType = sourcecode.swift; path = Directory.swift; sourceTree = "<group>"; };
		4C872D422721212E007FCCA7 /* DirectoryView.swift */ = {isa = PBXFileReference; lastKnownFileType = sourcecode.swift; path = DirectoryView.swift; sourceTree = "<group>"; };
		4C872D442721751C007FCCA7 /* BlockType.swift */ = {isa = PBXFileReference; lastKnownFileType = sourcecode.swift; path = BlockType.swift; sourceTree = "<group>"; };
		4C872D4627217BA6007FCCA7 /* README.md */ = {isa = PBXFileReference; fileEncoding = 4; lastKnownFileType = net.daringfireball.markdown; path = README.md; sourceTree = "<group>"; };
		4C8A0B3E27177B040088A49B /* QueueProtocol.swift */ = {isa = PBXFileReference; lastKnownFileType = sourcecode.swift; path = QueueProtocol.swift; sourceTree = "<group>"; };
		4C8A0B4027177B360088A49B /* QueueStack.swift */ = {isa = PBXFileReference; lastKnownFileType = sourcecode.swift; path = QueueStack.swift; sourceTree = "<group>"; };
		4C8A0B43271786F50088A49B /* ScummStore.swift */ = {isa = PBXFileReference; lastKnownFileType = sourcecode.swift; path = ScummStore.swift; sourceTree = "<group>"; };
		4C8A0B49271790240088A49B /* ScummStoreDevData.swift */ = {isa = PBXFileReference; lastKnownFileType = sourcecode.swift; path = ScummStoreDevData.swift; sourceTree = "<group>"; };
		4C9F3D972723C4260052EEE2 /* CLUT.swift */ = {isa = PBXFileReference; lastKnownFileType = sourcecode.swift; path = CLUT.swift; sourceTree = "<group>"; };
		4C9F3D992723C6570052EEE2 /* CLUTView.swift */ = {isa = PBXFileReference; lastKnownFileType = sourcecode.swift; path = CLUTView.swift; sourceTree = "<group>"; };
		4C9F3D9B2724476D0052EEE2 /* Bitstream.swift */ = {isa = PBXFileReference; lastKnownFileType = sourcecode.swift; path = Bitstream.swift; sourceTree = "<group>"; };
		4C9F3D9D272447950052EEE2 /* Bitmap.swift */ = {isa = PBXFileReference; lastKnownFileType = sourcecode.swift; path = Bitmap.swift; sourceTree = "<group>"; };
		4C9F3D9F2724481D0052EEE2 /* SMAP.swift */ = {isa = PBXFileReference; lastKnownFileType = sourcecode.swift; path = SMAP.swift; sourceTree = "<group>"; };
		4C9F3DA12724A7E80052EEE2 /* SMAPView.swift */ = {isa = PBXFileReference; lastKnownFileType = sourcecode.swift; path = SMAPView.swift; sourceTree = "<group>"; };
		4CD01E6B272DD0EB0022462F /* CGImage+Ext.swift */ = {isa = PBXFileReference; lastKnownFileType = sourcecode.swift; path = "CGImage+Ext.swift"; sourceTree = "<group>"; };
		4CD23D792716D66400832C4E /* ScummViewer.app */ = {isa = PBXFileReference; explicitFileType = wrapper.application; includeInIndex = 0; path = ScummViewer.app; sourceTree = BUILT_PRODUCTS_DIR; };
		4CD23D7C2716D66400832C4E /* ScummViewerApp.swift */ = {isa = PBXFileReference; lastKnownFileType = sourcecode.swift; path = ScummViewerApp.swift; sourceTree = "<group>"; };
		4CD23D7E2716D66400832C4E /* ContentView.swift */ = {isa = PBXFileReference; lastKnownFileType = sourcecode.swift; path = ContentView.swift; sourceTree = "<group>"; };
		4CD23D802716D66600832C4E /* Assets.xcassets */ = {isa = PBXFileReference; lastKnownFileType = folder.assetcatalog; path = Assets.xcassets; sourceTree = "<group>"; };
		4CD23D832716D66600832C4E /* Preview Assets.xcassets */ = {isa = PBXFileReference; lastKnownFileType = folder.assetcatalog; path = "Preview Assets.xcassets"; sourceTree = "<group>"; };
		4CD23D852716D66600832C4E /* Info.plist */ = {isa = PBXFileReference; lastKnownFileType = text.plist.xml; path = Info.plist; sourceTree = "<group>"; };
		4CD23D862716D66600832C4E /* ScummViewer.entitlements */ = {isa = PBXFileReference; lastKnownFileType = text.plist.entitlements; path = ScummViewer.entitlements; sourceTree = "<group>"; };
		4CD9F4D62722217A00D3F0D7 /* InputFieldView.swift */ = {isa = PBXFileReference; lastKnownFileType = sourcecode.swift; path = InputFieldView.swift; sourceTree = "<group>"; };
		4CE24555271F99E4007D7847 /* HexEditorView.swift */ = {isa = PBXFileReference; lastKnownFileType = sourcecode.swift; path = HexEditorView.swift; sourceTree = "<group>"; };
		4CEFF22B271AEE14001021C9 /* NavigatorView.swift */ = {isa = PBXFileReference; lastKnownFileType = sourcecode.swift; path = NavigatorView.swift; sourceTree = "<group>"; };
		4CF2240A2721B7BC0006F1CE /* DirectoryOfObjects.swift */ = {isa = PBXFileReference; lastKnownFileType = sourcecode.swift; path = DirectoryOfObjects.swift; sourceTree = "<group>"; };
		4CF22410272207870006F1CE /* LOFF.swift */ = {isa = PBXFileReference; lastKnownFileType = sourcecode.swift; path = LOFF.swift; sourceTree = "<group>"; };
		4CF2241327220AFF0006F1CE /* LOFFView.swift */ = {isa = PBXFileReference; lastKnownFileType = sourcecode.swift; path = LOFFView.swift; sourceTree = "<group>"; };
		4CF224162722109D0006F1CE /* RMHD.swift */ = {isa = PBXFileReference; lastKnownFileType = sourcecode.swift; path = RMHD.swift; sourceTree = "<group>"; };
		4CF22418272210B10006F1CE /* RMHDView.swift */ = {isa = PBXFileReference; lastKnownFileType = sourcecode.swift; path = RMHDView.swift; sourceTree = "<group>"; };
/* End PBXFileReference section */

/* Begin PBXFrameworksBuildPhase section */
		4CD23D762716D66400832C4E /* Frameworks */ = {
			isa = PBXFrameworksBuildPhase;
			buildActionMask = 2147483647;
			files = (
			);
			runOnlyForDeploymentPostprocessing = 0;
		};
/* End PBXFrameworksBuildPhase section */

/* Begin PBXGroup section */
		4C40806B271B973300A76C75 /* Extensions */ = {
			isa = PBXGroup;
			children = (
				4C408069271B972500A76C75 /* Data+Ext.swift */,
				4C40806D271B976C00A76C75 /* UInt8+Ext.swift */,
				4C40806F271B97A500A76C75 /* UInt16+Ext.swift */,
				4C408071271B97BC00A76C75 /* UInt32+Ext.swift */,
				4C79B81B271C26470030E564 /* URL+Ext.swift */,
				4CD01E6B272DD0EB0022462F /* CGImage+Ext.swift */,
			);
			path = Extensions;
			sourceTree = "<group>";
		};
		4C40806C271B973B00A76C75 /* Helper */ = {
			isa = PBXGroup;
			children = (
				4C5CDFA8271776EE0090BA59 /* Data Structure & Algorithms */,
				4C40806B271B973300A76C75 /* Extensions */,
				4CF2240F2721DCA50006F1CE /* SCUMM */,
				4C9F3D9B2724476D0052EEE2 /* Bitstream.swift */,
				4C9F3D9D272447950052EEE2 /* Bitmap.swift */,
			);
			path = Helper;
			sourceTree = "<group>";
		};
		4C5CDFA8271776EE0090BA59 /* Data Structure & Algorithms */ = {
			isa = PBXGroup;
			children = (
				4C5CDFAB27177AC30090BA59 /* Queues */,
				4C8A0B4227177CC20088A49B /* Trees */,
			);
			path = "Data Structure & Algorithms";
			sourceTree = "<group>";
		};
		4C5CDFAB27177AC30090BA59 /* Queues */ = {
			isa = PBXGroup;
			children = (
				4C8A0B3E27177B040088A49B /* QueueProtocol.swift */,
				4C5CDFA9271777140090BA59 /* QueueArray.swift */,
				4C8A0B4027177B360088A49B /* QueueStack.swift */,
			);
			path = Queues;
			sourceTree = "<group>";
		};
		4C8A0B4227177CC20088A49B /* Trees */ = {
			isa = PBXGroup;
			children = (
				4C5CDFA327176B7F0090BA59 /* TreeNode.swift */,
			);
			path = Trees;
			sourceTree = "<group>";
		};
		4C8A0B47271787690088A49B /* Models */ = {
			isa = PBXGroup;
			children = (
				4C8A0B43271786F50088A49B /* ScummStore.swift */,
				4C79B824271D77FD0030E564 /* Block.swift */,
				4C1CFD6027303611001663CE /* Stripe.swift */,
				4C79B826271D8CC40030E564 /* ScummFile.swift */,
				4CF2240E2721DC8D0006F1CE /* Index File Models */,
				4CF22412272207950006F1CE /* Data File Models */,
			);
			path = Models;
			sourceTree = "<group>";
		};
		4C8A0B482717876E0088A49B /* Views */ = {
			isa = PBXGroup;
			children = (
				4CD23D7E2716D66400832C4E /* ContentView.swift */,
				4CEFF22B271AEE14001021C9 /* NavigatorView.swift */,
				4C33EF70271BA9B800323220 /* DetailsView.swift */,
				4C637CC827207F6200634F8E /* InspectView.swift */,
				4CF2240C2721DC610006F1CE /* Index File Blocks */,
				4CF2241527220B0A0006F1CE /* Data File Blocks */,
				4CF2240D2721DC7F0006F1CE /* Subviews */,
			);
			path = Views;
			sourceTree = "<group>";
		};
		4CD23D702716D66400832C4E = {
			isa = PBXGroup;
			children = (
				4C872D4627217BA6007FCCA7 /* README.md */,
				4CD23D7B2716D66400832C4E /* ScummViewer */,
				4CD23D7A2716D66400832C4E /* Products */,
			);
			sourceTree = "<group>";
		};
		4CD23D7A2716D66400832C4E /* Products */ = {
			isa = PBXGroup;
			children = (
				4CD23D792716D66400832C4E /* ScummViewer.app */,
			);
			name = Products;
			sourceTree = "<group>";
		};
		4CD23D7B2716D66400832C4E /* ScummViewer */ = {
			isa = PBXGroup;
			children = (
				4CD23D7C2716D66400832C4E /* ScummViewerApp.swift */,
				4C8A0B482717876E0088A49B /* Views */,
				4C8A0B47271787690088A49B /* Models */,
				4C40806C271B973B00A76C75 /* Helper */,
				4CD23D802716D66600832C4E /* Assets.xcassets */,
				4CD23D852716D66600832C4E /* Info.plist */,
				4CD23D862716D66600832C4E /* ScummViewer.entitlements */,
				4CD23D822716D66600832C4E /* Preview Content */,
			);
			path = ScummViewer;
			sourceTree = "<group>";
		};
		4CD23D822716D66600832C4E /* Preview Content */ = {
			isa = PBXGroup;
			children = (
				4CD23D832716D66600832C4E /* Preview Assets.xcassets */,
				4C8A0B49271790240088A49B /* ScummStoreDevData.swift */,
			);
			path = "Preview Content";
			sourceTree = "<group>";
		};
		4CF2240C2721DC610006F1CE /* Index File Blocks */ = {
			isa = PBXGroup;
			children = (
				4C872D362720CA94007FCCA7 /* RNAMView.swift */,
				4C872D382720CB52007FCCA7 /* MAXSView.swift */,
				4C872D422721212E007FCCA7 /* DirectoryView.swift */,
				4CF2240A2721B7BC0006F1CE /* DirectoryOfObjects.swift */,
			);
			path = "Index File Blocks";
			sourceTree = "<group>";
		};
		4CF2240D2721DC7F0006F1CE /* Subviews */ = {
			isa = PBXGroup;
			children = (
				4C79B828271E3C340030E564 /* BlockInfoView.swift */,
				4CE24555271F99E4007D7847 /* HexEditorView.swift */,
				4C872D3C2720DA5E007FCCA7 /* ValueFieldView.swift */,
				4C872D3E27211783007FCCA7 /* BottomBarView.swift */,
				4CD9F4D62722217A00D3F0D7 /* InputFieldView.swift */,
			);
			path = Subviews;
			sourceTree = "<group>";
		};
		4CF2240E2721DC8D0006F1CE /* Index File Models */ = {
			isa = PBXGroup;
			children = (
				4C637CCA27209E3600634F8E /* RNAM.swift */,
				4C872D3A2720D084007FCCA7 /* MAXS.swift */,
				4C872D4027211E8D007FCCA7 /* Directory.swift */,
			);
			path = "Index File Models";
			sourceTree = "<group>";
		};
		4CF2240F2721DCA50006F1CE /* SCUMM */ = {
			isa = PBXGroup;
			children = (
				4C79B819271C23D00030E564 /* ScummVersion.swift */,
				4C872D442721751C007FCCA7 /* BlockType.swift */,
				4C7A492C272586D900257C3F /* ScummImage.swift */,
				4C1CFD5E2730295F001663CE /* ImageCodec.swift */,
			);
			path = SCUMM;
			sourceTree = "<group>";
		};
		4CF22412272207950006F1CE /* Data File Models */ = {
			isa = PBXGroup;
			children = (
				4CF22410272207870006F1CE /* LOFF.swift */,
				4CF224162722109D0006F1CE /* RMHD.swift */,
				4C9F3D972723C4260052EEE2 /* CLUT.swift */,
				4C9F3D9F2724481D0052EEE2 /* SMAP.swift */,
			);
			path = "Data File Models";
			sourceTree = "<group>";
		};
		4CF2241527220B0A0006F1CE /* Data File Blocks */ = {
			isa = PBXGroup;
			children = (
				4CF2241327220AFF0006F1CE /* LOFFView.swift */,
				4CF22418272210B10006F1CE /* RMHDView.swift */,
				4C9F3D992723C6570052EEE2 /* CLUTView.swift */,
				4C9F3DA12724A7E80052EEE2 /* SMAPView.swift */,
			);
			path = "Data File Blocks";
			sourceTree = "<group>";
		};
/* End PBXGroup section */

/* Begin PBXNativeTarget section */
		4CD23D782716D66400832C4E /* ScummViewer */ = {
			isa = PBXNativeTarget;
			buildConfigurationList = 4CD23D892716D66600832C4E /* Build configuration list for PBXNativeTarget "ScummViewer" */;
			buildPhases = (
				4CD23D752716D66400832C4E /* Sources */,
				4CD23D762716D66400832C4E /* Frameworks */,
				4CD23D772716D66400832C4E /* Resources */,
			);
			buildRules = (
			);
			dependencies = (
			);
			name = ScummViewer;
			productName = ScummViewer;
			productReference = 4CD23D792716D66400832C4E /* ScummViewer.app */;
			productType = "com.apple.product-type.application";
		};
/* End PBXNativeTarget section */

/* Begin PBXProject section */
		4CD23D712716D66400832C4E /* Project object */ = {
			isa = PBXProject;
			attributes = {
				LastSwiftUpdateCheck = 1250;
				LastUpgradeCheck = 1250;
				TargetAttributes = {
					4CD23D782716D66400832C4E = {
						CreatedOnToolsVersion = 12.5.1;
					};
				};
			};
			buildConfigurationList = 4CD23D742716D66400832C4E /* Build configuration list for PBXProject "ScummViewer" */;
			compatibilityVersion = "Xcode 9.3";
			developmentRegion = en;
			hasScannedForEncodings = 0;
			knownRegions = (
				en,
				Base,
			);
			mainGroup = 4CD23D702716D66400832C4E;
			productRefGroup = 4CD23D7A2716D66400832C4E /* Products */;
			projectDirPath = "";
			projectRoot = "";
			targets = (
				4CD23D782716D66400832C4E /* ScummViewer */,
			);
		};
/* End PBXProject section */

/* Begin PBXResourcesBuildPhase section */
		4CD23D772716D66400832C4E /* Resources */ = {
			isa = PBXResourcesBuildPhase;
			buildActionMask = 2147483647;
			files = (
				4C872D4727217BA6007FCCA7 /* README.md in Resources */,
				4CD23D842716D66600832C4E /* Preview Assets.xcassets in Resources */,
				4CD23D812716D66600832C4E /* Assets.xcassets in Resources */,
			);
			runOnlyForDeploymentPostprocessing = 0;
		};
/* End PBXResourcesBuildPhase section */

/* Begin PBXSourcesBuildPhase section */
		4CD23D752716D66400832C4E /* Sources */ = {
			isa = PBXSourcesBuildPhase;
			buildActionMask = 2147483647;
			files = (
				4C872D432721212E007FCCA7 /* DirectoryView.swift in Sources */,
				4C9F3D9C2724476D0052EEE2 /* Bitstream.swift in Sources */,
				4C408072271B97BC00A76C75 /* UInt32+Ext.swift in Sources */,
				4C637CCB27209E3600634F8E /* RNAM.swift in Sources */,
				4C9F3D9E272447950052EEE2 /* Bitmap.swift in Sources */,
				4C33EF71271BA9B800323220 /* DetailsView.swift in Sources */,
				4CEFF22C271AEE14001021C9 /* NavigatorView.swift in Sources */,
				4C872D3B2720D084007FCCA7 /* MAXS.swift in Sources */,
				4C9F3D9A2723C6570052EEE2 /* CLUTView.swift in Sources */,
				4C1CFD5F2730295F001663CE /* ImageCodec.swift in Sources */,
				4C872D372720CA94007FCCA7 /* RNAMView.swift in Sources */,
				4C872D452721751C007FCCA7 /* BlockType.swift in Sources */,
				4C40806A271B972500A76C75 /* Data+Ext.swift in Sources */,
				4C9F3DA02724481D0052EEE2 /* SMAP.swift in Sources */,
				4C872D4127211E8D007FCCA7 /* Directory.swift in Sources */,
				4CD23D7F2716D66400832C4E /* ContentView.swift in Sources */,
				4C79B81C271C26470030E564 /* URL+Ext.swift in Sources */,
				4CF22411272207870006F1CE /* LOFF.swift in Sources */,
				4C872D3F27211783007FCCA7 /* BottomBarView.swift in Sources */,
				4C5CDFA427176B7F0090BA59 /* TreeNode.swift in Sources */,
				4C9F3DA22724A7E80052EEE2 /* SMAPView.swift in Sources */,
				4C8A0B4A271790240088A49B /* ScummStoreDevData.swift in Sources */,
				4C79B81A271C23D00030E564 /* ScummVersion.swift in Sources */,
				4C79B829271E3C340030E564 /* BlockInfoView.swift in Sources */,
				4CF224172722109D0006F1CE /* RMHD.swift in Sources */,
				4CF2240B2721B7BC0006F1CE /* DirectoryOfObjects.swift in Sources */,
				4C1CFD6127303611001663CE /* Stripe.swift in Sources */,
				4C8A0B44271786F50088A49B /* ScummStore.swift in Sources */,
				4C872D392720CB52007FCCA7 /* MAXSView.swift in Sources */,
				4C79B825271D77FD0030E564 /* Block.swift in Sources */,
				4C9F3D982723C4260052EEE2 /* CLUT.swift in Sources */,
				4C8A0B4127177B360088A49B /* QueueStack.swift in Sources */,
				4C7A492D272586D900257C3F /* ScummImage.swift in Sources */,
				4CD23D7D2716D66400832C4E /* ScummViewerApp.swift in Sources */,
				4C637CC927207F6200634F8E /* InspectView.swift in Sources */,
				4CD9F4D72722217A00D3F0D7 /* InputFieldView.swift in Sources */,
				4CF2241427220AFF0006F1CE /* LOFFView.swift in Sources */,
				4C79B827271D8CC40030E564 /* ScummFile.swift in Sources */,
				4C5CDFAA271777140090BA59 /* QueueArray.swift in Sources */,
				4C872D3D2720DA5E007FCCA7 /* ValueFieldView.swift in Sources */,
				4C8A0B3F27177B040088A49B /* QueueProtocol.swift in Sources */,
				4C408070271B97A500A76C75 /* UInt16+Ext.swift in Sources */,
				4CF22419272210B10006F1CE /* RMHDView.swift in Sources */,
				4CD01E6C272DD0EB0022462F /* CGImage+Ext.swift in Sources */,
				4CE24556271F99E4007D7847 /* HexEditorView.swift in Sources */,
				4C40806E271B976C00A76C75 /* UInt8+Ext.swift in Sources */,
			);
			runOnlyForDeploymentPostprocessing = 0;
		};
/* End PBXSourcesBuildPhase section */

/* Begin XCBuildConfiguration section */
		4CD23D872716D66600832C4E /* Debug */ = {
			isa = XCBuildConfiguration;
			buildSettings = {
				ALWAYS_SEARCH_USER_PATHS = NO;
				CLANG_ANALYZER_NONNULL = YES;
				CLANG_ANALYZER_NUMBER_OBJECT_CONVERSION = YES_AGGRESSIVE;
				CLANG_CXX_LANGUAGE_STANDARD = "gnu++14";
				CLANG_CXX_LIBRARY = "libc++";
				CLANG_ENABLE_MODULES = YES;
				CLANG_ENABLE_OBJC_ARC = YES;
				CLANG_ENABLE_OBJC_WEAK = YES;
				CLANG_WARN_BLOCK_CAPTURE_AUTORELEASING = YES;
				CLANG_WARN_BOOL_CONVERSION = YES;
				CLANG_WARN_COMMA = YES;
				CLANG_WARN_CONSTANT_CONVERSION = YES;
				CLANG_WARN_DEPRECATED_OBJC_IMPLEMENTATIONS = YES;
				CLANG_WARN_DIRECT_OBJC_ISA_USAGE = YES_ERROR;
				CLANG_WARN_DOCUMENTATION_COMMENTS = YES;
				CLANG_WARN_EMPTY_BODY = YES;
				CLANG_WARN_ENUM_CONVERSION = YES;
				CLANG_WARN_INFINITE_RECURSION = YES;
				CLANG_WARN_INT_CONVERSION = YES;
				CLANG_WARN_NON_LITERAL_NULL_CONVERSION = YES;
				CLANG_WARN_OBJC_IMPLICIT_RETAIN_SELF = YES;
				CLANG_WARN_OBJC_LITERAL_CONVERSION = YES;
				CLANG_WARN_OBJC_ROOT_CLASS = YES_ERROR;
				CLANG_WARN_QUOTED_INCLUDE_IN_FRAMEWORK_HEADER = YES;
				CLANG_WARN_RANGE_LOOP_ANALYSIS = YES;
				CLANG_WARN_STRICT_PROTOTYPES = YES;
				CLANG_WARN_SUSPICIOUS_MOVE = YES;
				CLANG_WARN_UNGUARDED_AVAILABILITY = YES_AGGRESSIVE;
				CLANG_WARN_UNREACHABLE_CODE = YES;
				CLANG_WARN__DUPLICATE_METHOD_MATCH = YES;
				COPY_PHASE_STRIP = NO;
				DEBUG_INFORMATION_FORMAT = dwarf;
				ENABLE_STRICT_OBJC_MSGSEND = YES;
				ENABLE_TESTABILITY = YES;
				GCC_C_LANGUAGE_STANDARD = gnu11;
				GCC_DYNAMIC_NO_PIC = NO;
				GCC_NO_COMMON_BLOCKS = YES;
				GCC_OPTIMIZATION_LEVEL = 0;
				GCC_PREPROCESSOR_DEFINITIONS = (
					"DEBUG=1",
					"$(inherited)",
				);
				GCC_WARN_64_TO_32_BIT_CONVERSION = YES;
				GCC_WARN_ABOUT_RETURN_TYPE = YES_ERROR;
				GCC_WARN_UNDECLARED_SELECTOR = YES;
				GCC_WARN_UNINITIALIZED_AUTOS = YES_AGGRESSIVE;
				GCC_WARN_UNUSED_FUNCTION = YES;
				GCC_WARN_UNUSED_VARIABLE = YES;
				MACOSX_DEPLOYMENT_TARGET = 11.3;
				MTL_ENABLE_DEBUG_INFO = INCLUDE_SOURCE;
				MTL_FAST_MATH = YES;
				ONLY_ACTIVE_ARCH = YES;
				SDKROOT = macosx;
				SWIFT_ACTIVE_COMPILATION_CONDITIONS = DEBUG;
				SWIFT_OPTIMIZATION_LEVEL = "-Onone";
				SWIFT_VERSION = 5.0;
			};
			name = Debug;
		};
		4CD23D882716D66600832C4E /* Release */ = {
			isa = XCBuildConfiguration;
			buildSettings = {
				ALWAYS_SEARCH_USER_PATHS = NO;
				CLANG_ANALYZER_NONNULL = YES;
				CLANG_ANALYZER_NUMBER_OBJECT_CONVERSION = YES_AGGRESSIVE;
				CLANG_CXX_LANGUAGE_STANDARD = "gnu++14";
				CLANG_CXX_LIBRARY = "libc++";
				CLANG_ENABLE_MODULES = YES;
				CLANG_ENABLE_OBJC_ARC = YES;
				CLANG_ENABLE_OBJC_WEAK = YES;
				CLANG_WARN_BLOCK_CAPTURE_AUTORELEASING = YES;
				CLANG_WARN_BOOL_CONVERSION = YES;
				CLANG_WARN_COMMA = YES;
				CLANG_WARN_CONSTANT_CONVERSION = YES;
				CLANG_WARN_DEPRECATED_OBJC_IMPLEMENTATIONS = YES;
				CLANG_WARN_DIRECT_OBJC_ISA_USAGE = YES_ERROR;
				CLANG_WARN_DOCUMENTATION_COMMENTS = YES;
				CLANG_WARN_EMPTY_BODY = YES;
				CLANG_WARN_ENUM_CONVERSION = YES;
				CLANG_WARN_INFINITE_RECURSION = YES;
				CLANG_WARN_INT_CONVERSION = YES;
				CLANG_WARN_NON_LITERAL_NULL_CONVERSION = YES;
				CLANG_WARN_OBJC_IMPLICIT_RETAIN_SELF = YES;
				CLANG_WARN_OBJC_LITERAL_CONVERSION = YES;
				CLANG_WARN_OBJC_ROOT_CLASS = YES_ERROR;
				CLANG_WARN_QUOTED_INCLUDE_IN_FRAMEWORK_HEADER = YES;
				CLANG_WARN_RANGE_LOOP_ANALYSIS = YES;
				CLANG_WARN_STRICT_PROTOTYPES = YES;
				CLANG_WARN_SUSPICIOUS_MOVE = YES;
				CLANG_WARN_UNGUARDED_AVAILABILITY = YES_AGGRESSIVE;
				CLANG_WARN_UNREACHABLE_CODE = YES;
				CLANG_WARN__DUPLICATE_METHOD_MATCH = YES;
				COPY_PHASE_STRIP = NO;
				DEBUG_INFORMATION_FORMAT = "dwarf-with-dsym";
				ENABLE_NS_ASSERTIONS = NO;
				ENABLE_STRICT_OBJC_MSGSEND = YES;
				GCC_C_LANGUAGE_STANDARD = gnu11;
				GCC_NO_COMMON_BLOCKS = YES;
				GCC_WARN_64_TO_32_BIT_CONVERSION = YES;
				GCC_WARN_ABOUT_RETURN_TYPE = YES_ERROR;
				GCC_WARN_UNDECLARED_SELECTOR = YES;
				GCC_WARN_UNINITIALIZED_AUTOS = YES_AGGRESSIVE;
				GCC_WARN_UNUSED_FUNCTION = YES;
				GCC_WARN_UNUSED_VARIABLE = YES;
				MACOSX_DEPLOYMENT_TARGET = 11.3;
				MTL_ENABLE_DEBUG_INFO = NO;
				MTL_FAST_MATH = YES;
				SDKROOT = macosx;
				SWIFT_COMPILATION_MODE = wholemodule;
				SWIFT_OPTIMIZATION_LEVEL = "-O";
				SWIFT_VERSION = 5.0;
			};
			name = Release;
		};
		4CD23D8A2716D66600832C4E /* Debug */ = {
			isa = XCBuildConfiguration;
			buildSettings = {
				ASSETCATALOG_COMPILER_APPICON_NAME = AppIcon;
				ASSETCATALOG_COMPILER_GLOBAL_ACCENT_COLOR_NAME = AccentColor;
				CODE_SIGN_ENTITLEMENTS = ScummViewer/ScummViewer.entitlements;
				CODE_SIGN_STYLE = Automatic;
				COMBINE_HIDPI_IMAGES = YES;
				CURRENT_PROJECT_VERSION = 1;
				DEVELOPMENT_ASSET_PATHS = "\"ScummViewer/Preview Content\"";
				DEVELOPMENT_TEAM = FNBTP68MJQ;
				ENABLE_HARDENED_RUNTIME = YES;
				ENABLE_PREVIEWS = YES;
				INFOPLIST_FILE = ScummViewer/Info.plist;
				LD_RUNPATH_SEARCH_PATHS = (
					"$(inherited)",
					"@executable_path/../Frameworks",
				);
				MACOSX_DEPLOYMENT_TARGET = 11.0;
				MARKETING_VERSION = 0.3.5;
				PRODUCT_BUNDLE_IDENTIFIER = com.michaelborgmann.ScummViewer;
				PRODUCT_NAME = "$(TARGET_NAME)";
				SWIFT_VERSION = 5.0;
			};
			name = Debug;
		};
		4CD23D8B2716D66600832C4E /* Release */ = {
			isa = XCBuildConfiguration;
			buildSettings = {
				ASSETCATALOG_COMPILER_APPICON_NAME = AppIcon;
				ASSETCATALOG_COMPILER_GLOBAL_ACCENT_COLOR_NAME = AccentColor;
				CODE_SIGN_ENTITLEMENTS = ScummViewer/ScummViewer.entitlements;
				CODE_SIGN_STYLE = Automatic;
				COMBINE_HIDPI_IMAGES = YES;
				CURRENT_PROJECT_VERSION = 1;
				DEVELOPMENT_ASSET_PATHS = "\"ScummViewer/Preview Content\"";
				DEVELOPMENT_TEAM = FNBTP68MJQ;
				ENABLE_HARDENED_RUNTIME = YES;
				ENABLE_PREVIEWS = YES;
				INFOPLIST_FILE = ScummViewer/Info.plist;
				LD_RUNPATH_SEARCH_PATHS = (
					"$(inherited)",
					"@executable_path/../Frameworks",
				);
				MACOSX_DEPLOYMENT_TARGET = 11.0;
				MARKETING_VERSION = 0.3.5;
				PRODUCT_BUNDLE_IDENTIFIER = com.michaelborgmann.ScummViewer;
				PRODUCT_NAME = "$(TARGET_NAME)";
				SWIFT_VERSION = 5.0;
			};
			name = Release;
		};
/* End XCBuildConfiguration section */

/* Begin XCConfigurationList section */
		4CD23D742716D66400832C4E /* Build configuration list for PBXProject "ScummViewer" */ = {
			isa = XCConfigurationList;
			buildConfigurations = (
				4CD23D872716D66600832C4E /* Debug */,
				4CD23D882716D66600832C4E /* Release */,
			);
			defaultConfigurationIsVisible = 0;
			defaultConfigurationName = Release;
		};
		4CD23D892716D66600832C4E /* Build configuration list for PBXNativeTarget "ScummViewer" */ = {
			isa = XCConfigurationList;
			buildConfigurations = (
				4CD23D8A2716D66600832C4E /* Debug */,
				4CD23D8B2716D66600832C4E /* Release */,
			);
			defaultConfigurationIsVisible = 0;
			defaultConfigurationName = Release;
		};
/* End XCConfigurationList section */
	};
	rootObject = 4CD23D712716D66400832C4E /* Project object */;
}
