// !$*UTF8*$!
{
	archiveVersion = 1;
	classes = {
	};
	objectVersion = 56;
	objects = {

/* Begin PBXBuildFile section */
		4C084CBC2B0A8CE5006D7865 /* ScummGameDetector.swift in Sources */ = {isa = PBXBuildFile; fileRef = 4C084CBB2B0A8CE5006D7865 /* ScummGameDetector.swift */; };
		4C084CBD2B0A8CE5006D7865 /* ScummGameDetector.swift in Sources */ = {isa = PBXBuildFile; fileRef = 4C084CBB2B0A8CE5006D7865 /* ScummGameDetector.swift */; };
		4C084CBE2B0A8CE5006D7865 /* ScummGameDetector.swift in Sources */ = {isa = PBXBuildFile; fileRef = 4C084CBB2B0A8CE5006D7865 /* ScummGameDetector.swift */; };
		4C2B2EA52A9BE4F80098A7CF /* ScummCore in Frameworks */ = {isa = PBXBuildFile; productRef = 4C2B2EA42A9BE4F80098A7CF /* ScummCore */; };
		4C2B2EA72A9BE6130098A7CF /* ScummCore in Frameworks */ = {isa = PBXBuildFile; productRef = 4C2B2EA62A9BE6130098A7CF /* ScummCore */; };
		4C2B2EA92A9BE6470098A7CF /* ScummCore in Frameworks */ = {isa = PBXBuildFile; productRef = 4C2B2EA82A9BE6470098A7CF /* ScummCore */; };
		4C2B2EAA2A9C06A70098A7CF /* Instructions.swift in Sources */ = {isa = PBXBuildFile; fileRef = 4C3DC00F2A9AD758004C62CD /* Instructions.swift */; };
		4C2B2EAB2A9C06A70098A7CF /* Instructions.swift in Sources */ = {isa = PBXBuildFile; fileRef = 4C3DC00F2A9AD758004C62CD /* Instructions.swift */; };
		4C2B2EAC2A9C06A80098A7CF /* Instructions.swift in Sources */ = {isa = PBXBuildFile; fileRef = 4C3DC00F2A9AD758004C62CD /* Instructions.swift */; };
		4C2B2EAF2A9C180D0098A7CF /* CLI.swift in Sources */ = {isa = PBXBuildFile; fileRef = 4C2B2EAE2A9C180D0098A7CF /* CLI.swift */; };
		4C2B2EB02A9C180D0098A7CF /* CLI.swift in Sources */ = {isa = PBXBuildFile; fileRef = 4C2B2EAE2A9C180D0098A7CF /* CLI.swift */; };
		4C2B2EB12A9C180D0098A7CF /* CLI.swift in Sources */ = {isa = PBXBuildFile; fileRef = 4C2B2EAE2A9C180D0098A7CF /* CLI.swift */; };
		4C3B24332B0B4AFA008B43AF /* OpcodeTable.swift in Sources */ = {isa = PBXBuildFile; fileRef = 4C3B24322B0B4AFA008B43AF /* OpcodeTable.swift */; };
		4C3B24342B0B4AFA008B43AF /* OpcodeTable.swift in Sources */ = {isa = PBXBuildFile; fileRef = 4C3B24322B0B4AFA008B43AF /* OpcodeTable.swift */; };
		4C3B24352B0B4AFA008B43AF /* OpcodeTable.swift in Sources */ = {isa = PBXBuildFile; fileRef = 4C3B24322B0B4AFA008B43AF /* OpcodeTable.swift */; };
		4C3DBFC12A9AB4CD004C62CD /* AppDelegate.swift in Sources */ = {isa = PBXBuildFile; fileRef = 4C3DBFC02A9AB4CD004C62CD /* AppDelegate.swift */; };
		4C3DBFC32A9AB4CD004C62CD /* GameViewController.swift in Sources */ = {isa = PBXBuildFile; fileRef = 4C3DBFC22A9AB4CD004C62CD /* GameViewController.swift */; };
		4C3DBFC62A9AB4CD004C62CD /* Main.storyboard in Resources */ = {isa = PBXBuildFile; fileRef = 4C3DBFC42A9AB4CD004C62CD /* Main.storyboard */; };
		4C3DBFC92A9AB4CD004C62CD /* LaunchScreen.storyboard in Resources */ = {isa = PBXBuildFile; fileRef = 4C3DBFC72A9AB4CD004C62CD /* LaunchScreen.storyboard */; };
		4C3DBFD12A9AB4CE004C62CD /* AppDelegate.swift in Sources */ = {isa = PBXBuildFile; fileRef = 4C3DBFD02A9AB4CE004C62CD /* AppDelegate.swift */; };
		4C3DBFD32A9AB4CE004C62CD /* GameViewController.swift in Sources */ = {isa = PBXBuildFile; fileRef = 4C3DBFD22A9AB4CE004C62CD /* GameViewController.swift */; };
		4C3DBFD62A9AB4CE004C62CD /* Main.storyboard in Resources */ = {isa = PBXBuildFile; fileRef = 4C3DBFD42A9AB4CE004C62CD /* Main.storyboard */; };
		4C3DBFD92A9AB4CE004C62CD /* LaunchScreen.storyboard in Resources */ = {isa = PBXBuildFile; fileRef = 4C3DBFD72A9AB4CE004C62CD /* LaunchScreen.storyboard */; };
		4C3DBFE12A9AB4CE004C62CD /* AppDelegate.swift in Sources */ = {isa = PBXBuildFile; fileRef = 4C3DBFE02A9AB4CE004C62CD /* AppDelegate.swift */; };
		4C3DBFE32A9AB4CE004C62CD /* GameViewController.swift in Sources */ = {isa = PBXBuildFile; fileRef = 4C3DBFE22A9AB4CE004C62CD /* GameViewController.swift */; };
		4C3DBFE62A9AB4CE004C62CD /* Main.storyboard in Resources */ = {isa = PBXBuildFile; fileRef = 4C3DBFE42A9AB4CE004C62CD /* Main.storyboard */; };
		4C3DBFE82A9AB4CE004C62CD /* Actions.sks in Resources */ = {isa = PBXBuildFile; fileRef = 4C3DBFB52A9AB4C9004C62CD /* Actions.sks */; };
		4C3DBFE92A9AB4CE004C62CD /* Actions.sks in Resources */ = {isa = PBXBuildFile; fileRef = 4C3DBFB52A9AB4C9004C62CD /* Actions.sks */; };
		4C3DBFEA2A9AB4CE004C62CD /* Actions.sks in Resources */ = {isa = PBXBuildFile; fileRef = 4C3DBFB52A9AB4C9004C62CD /* Actions.sks */; };
		4C3DBFEB2A9AB4CE004C62CD /* GameScene.sks in Resources */ = {isa = PBXBuildFile; fileRef = 4C3DBFB62A9AB4C9004C62CD /* GameScene.sks */; };
		4C3DBFEC2A9AB4CE004C62CD /* GameScene.sks in Resources */ = {isa = PBXBuildFile; fileRef = 4C3DBFB62A9AB4C9004C62CD /* GameScene.sks */; };
		4C3DBFED2A9AB4CE004C62CD /* GameScene.sks in Resources */ = {isa = PBXBuildFile; fileRef = 4C3DBFB62A9AB4C9004C62CD /* GameScene.sks */; };
		4C3DBFEE2A9AB4CE004C62CD /* GameScene.swift in Sources */ = {isa = PBXBuildFile; fileRef = 4C3DBFB72A9AB4C9004C62CD /* GameScene.swift */; };
		4C3DBFEF2A9AB4CE004C62CD /* GameScene.swift in Sources */ = {isa = PBXBuildFile; fileRef = 4C3DBFB72A9AB4C9004C62CD /* GameScene.swift */; };
		4C3DBFF02A9AB4CE004C62CD /* GameScene.swift in Sources */ = {isa = PBXBuildFile; fileRef = 4C3DBFB72A9AB4C9004C62CD /* GameScene.swift */; };
		4C3DBFF12A9AB4CE004C62CD /* Assets.xcassets in Resources */ = {isa = PBXBuildFile; fileRef = 4C3DBFB82A9AB4CD004C62CD /* Assets.xcassets */; };
		4C3DBFF22A9AB4CE004C62CD /* Assets.xcassets in Resources */ = {isa = PBXBuildFile; fileRef = 4C3DBFB82A9AB4CD004C62CD /* Assets.xcassets */; };
		4C3DBFF32A9AB4CE004C62CD /* Assets.xcassets in Resources */ = {isa = PBXBuildFile; fileRef = 4C3DBFB82A9AB4CD004C62CD /* Assets.xcassets */; };
		4C3DC0002A9AC58A004C62CD /* Engine.swift in Sources */ = {isa = PBXBuildFile; fileRef = 4C3DBFFF2A9AC58A004C62CD /* Engine.swift */; };
		4C3DC0012A9AC58A004C62CD /* Engine.swift in Sources */ = {isa = PBXBuildFile; fileRef = 4C3DBFFF2A9AC58A004C62CD /* Engine.swift */; };
		4C3DC0022A9AC58A004C62CD /* Engine.swift in Sources */ = {isa = PBXBuildFile; fileRef = 4C3DBFFF2A9AC58A004C62CD /* Engine.swift */; };
		4C3DC0042A9AC8A4004C62CD /* Variables.swift in Sources */ = {isa = PBXBuildFile; fileRef = 4C3DC0032A9AC8A4004C62CD /* Variables.swift */; };
		4C3DC0052A9AC8A4004C62CD /* Variables.swift in Sources */ = {isa = PBXBuildFile; fileRef = 4C3DC0032A9AC8A4004C62CD /* Variables.swift */; };
		4C3DC0062A9AC8A4004C62CD /* Variables.swift in Sources */ = {isa = PBXBuildFile; fileRef = 4C3DC0032A9AC8A4004C62CD /* Variables.swift */; };
		4C3DC00C2A9ACE92004C62CD /* Errors.swift in Sources */ = {isa = PBXBuildFile; fileRef = 4C3DC00B2A9ACE92004C62CD /* Errors.swift */; };
		4C3DC00D2A9ACE92004C62CD /* Errors.swift in Sources */ = {isa = PBXBuildFile; fileRef = 4C3DC00B2A9ACE92004C62CD /* Errors.swift */; };
		4C3DC00E2A9ACE92004C62CD /* Errors.swift in Sources */ = {isa = PBXBuildFile; fileRef = 4C3DC00B2A9ACE92004C62CD /* Errors.swift */; };
		4C6905202B0E11AC000CBA27 /* OpcodeTableV5.swift in Sources */ = {isa = PBXBuildFile; fileRef = 4C69051F2B0E11AC000CBA27 /* OpcodeTableV5.swift */; };
		4C6905212B0E11AC000CBA27 /* OpcodeTableV5.swift in Sources */ = {isa = PBXBuildFile; fileRef = 4C69051F2B0E11AC000CBA27 /* OpcodeTableV5.swift */; };
		4C6905222B0E11AC000CBA27 /* OpcodeTableV5.swift in Sources */ = {isa = PBXBuildFile; fileRef = 4C69051F2B0E11AC000CBA27 /* OpcodeTableV5.swift */; };
		4C6905242B0E11B6000CBA27 /* OpcodeTableV4.swift in Sources */ = {isa = PBXBuildFile; fileRef = 4C6905232B0E11B6000CBA27 /* OpcodeTableV4.swift */; };
		4C6905252B0E11B6000CBA27 /* OpcodeTableV4.swift in Sources */ = {isa = PBXBuildFile; fileRef = 4C6905232B0E11B6000CBA27 /* OpcodeTableV4.swift */; };
		4C6905262B0E11B6000CBA27 /* OpcodeTableV4.swift in Sources */ = {isa = PBXBuildFile; fileRef = 4C6905232B0E11B6000CBA27 /* OpcodeTableV4.swift */; };
		4C6905282B0E35DA000CBA27 /* OpcodeTableV3.swift in Sources */ = {isa = PBXBuildFile; fileRef = 4C6905272B0E35DA000CBA27 /* OpcodeTableV3.swift */; };
		4C6905292B0E35DA000CBA27 /* OpcodeTableV3.swift in Sources */ = {isa = PBXBuildFile; fileRef = 4C6905272B0E35DA000CBA27 /* OpcodeTableV3.swift */; };
		4C69052A2B0E35DA000CBA27 /* OpcodeTableV3.swift in Sources */ = {isa = PBXBuildFile; fileRef = 4C6905272B0E35DA000CBA27 /* OpcodeTableV3.swift */; };
		4C69052C2B0E416A000CBA27 /* CommonOpcodes.swift in Sources */ = {isa = PBXBuildFile; fileRef = 4C69052B2B0E416A000CBA27 /* CommonOpcodes.swift */; };
		4C69052D2B0E416A000CBA27 /* CommonOpcodes.swift in Sources */ = {isa = PBXBuildFile; fileRef = 4C69052B2B0E416A000CBA27 /* CommonOpcodes.swift */; };
		4C69052E2B0E416A000CBA27 /* CommonOpcodes.swift in Sources */ = {isa = PBXBuildFile; fileRef = 4C69052B2B0E416A000CBA27 /* CommonOpcodes.swift */; };
		4C6905302B0E4AB7000CBA27 /* OpcodeTableV2.swift in Sources */ = {isa = PBXBuildFile; fileRef = 4C69052F2B0E4AB7000CBA27 /* OpcodeTableV2.swift */; };
		4C6905312B0E4AB7000CBA27 /* OpcodeTableV2.swift in Sources */ = {isa = PBXBuildFile; fileRef = 4C69052F2B0E4AB7000CBA27 /* OpcodeTableV2.swift */; };
		4C6905322B0E4AB7000CBA27 /* OpcodeTableV2.swift in Sources */ = {isa = PBXBuildFile; fileRef = 4C69052F2B0E4AB7000CBA27 /* OpcodeTableV2.swift */; };
		4CAF1B1B2B0E9A560051811E /* OpcodeTableV6.swift in Sources */ = {isa = PBXBuildFile; fileRef = 4CAF1B1A2B0E9A560051811E /* OpcodeTableV6.swift */; };
		4CAF1B1C2B0E9A560051811E /* OpcodeTableV6.swift in Sources */ = {isa = PBXBuildFile; fileRef = 4CAF1B1A2B0E9A560051811E /* OpcodeTableV6.swift */; };
		4CAF1B1D2B0E9A560051811E /* OpcodeTableV6.swift in Sources */ = {isa = PBXBuildFile; fileRef = 4CAF1B1A2B0E9A560051811E /* OpcodeTableV6.swift */; };
		4CD1E00D2B1105EA006628B6 /* Move.swift in Sources */ = {isa = PBXBuildFile; fileRef = 4CD1E00C2B1105EA006628B6 /* Move.swift */; };
		4CD1E00E2B1105EA006628B6 /* Move.swift in Sources */ = {isa = PBXBuildFile; fileRef = 4CD1E00C2B1105EA006628B6 /* Move.swift */; };
		4CD1E00F2B1105EA006628B6 /* Move.swift in Sources */ = {isa = PBXBuildFile; fileRef = 4CD1E00C2B1105EA006628B6 /* Move.swift */; };
		4CD1E0122B110621006628B6 /* InstructionProtocol.swift in Sources */ = {isa = PBXBuildFile; fileRef = 4CD1E0112B110621006628B6 /* InstructionProtocol.swift */; };
		4CD1E0132B110621006628B6 /* InstructionProtocol.swift in Sources */ = {isa = PBXBuildFile; fileRef = 4CD1E0112B110621006628B6 /* InstructionProtocol.swift */; };
		4CD1E0142B110621006628B6 /* InstructionProtocol.swift in Sources */ = {isa = PBXBuildFile; fileRef = 4CD1E0112B110621006628B6 /* InstructionProtocol.swift */; };
		4CDE8D4B2B0ABEAD00AFB4A7 /* InstructionDefinitions.swift in Sources */ = {isa = PBXBuildFile; fileRef = 4CDE8D4A2B0ABEAD00AFB4A7 /* InstructionDefinitions.swift */; };
		4CDE8D4C2B0ABEAD00AFB4A7 /* InstructionDefinitions.swift in Sources */ = {isa = PBXBuildFile; fileRef = 4CDE8D4A2B0ABEAD00AFB4A7 /* InstructionDefinitions.swift */; };
		4CDE8D4D2B0ABEAD00AFB4A7 /* InstructionDefinitions.swift in Sources */ = {isa = PBXBuildFile; fileRef = 4CDE8D4A2B0ABEAD00AFB4A7 /* InstructionDefinitions.swift */; };
/* End PBXBuildFile section */

/* Begin PBXFileReference section */
		4C084CBB2B0A8CE5006D7865 /* ScummGameDetector.swift */ = {isa = PBXFileReference; lastKnownFileType = sourcecode.swift; path = ScummGameDetector.swift; sourceTree = "<group>"; };
		4C2B2EAD2A9C0C650098A7CF /* SPUTM-macOS-Info.plist */ = {isa = PBXFileReference; lastKnownFileType = text.plist; path = "SPUTM-macOS-Info.plist"; sourceTree = SOURCE_ROOT; };
		4C2B2EAE2A9C180D0098A7CF /* CLI.swift */ = {isa = PBXFileReference; lastKnownFileType = sourcecode.swift; path = CLI.swift; sourceTree = "<group>"; };
		4C3B24322B0B4AFA008B43AF /* OpcodeTable.swift */ = {isa = PBXFileReference; lastKnownFileType = sourcecode.swift; path = OpcodeTable.swift; sourceTree = "<group>"; };
		4C3DBFB52A9AB4C9004C62CD /* Actions.sks */ = {isa = PBXFileReference; lastKnownFileType = file.sks; path = Actions.sks; sourceTree = "<group>"; };
		4C3DBFB62A9AB4C9004C62CD /* GameScene.sks */ = {isa = PBXFileReference; lastKnownFileType = file.sks; path = GameScene.sks; sourceTree = "<group>"; };
		4C3DBFB72A9AB4C9004C62CD /* GameScene.swift */ = {isa = PBXFileReference; lastKnownFileType = sourcecode.swift; path = GameScene.swift; sourceTree = "<group>"; };
		4C3DBFB82A9AB4CD004C62CD /* Assets.xcassets */ = {isa = PBXFileReference; lastKnownFileType = folder.assetcatalog; path = Assets.xcassets; sourceTree = "<group>"; };
		4C3DBFBD2A9AB4CD004C62CD /* SPUTM.app */ = {isa = PBXFileReference; explicitFileType = wrapper.application; includeInIndex = 0; path = SPUTM.app; sourceTree = BUILT_PRODUCTS_DIR; };
		4C3DBFC02A9AB4CD004C62CD /* AppDelegate.swift */ = {isa = PBXFileReference; lastKnownFileType = sourcecode.swift; path = AppDelegate.swift; sourceTree = "<group>"; };
		4C3DBFC22A9AB4CD004C62CD /* GameViewController.swift */ = {isa = PBXFileReference; lastKnownFileType = sourcecode.swift; path = GameViewController.swift; sourceTree = "<group>"; };
		4C3DBFC52A9AB4CD004C62CD /* Base */ = {isa = PBXFileReference; lastKnownFileType = file.storyboard; name = Base; path = Base.lproj/Main.storyboard; sourceTree = "<group>"; };
		4C3DBFC82A9AB4CD004C62CD /* Base */ = {isa = PBXFileReference; lastKnownFileType = file.storyboard; name = Base; path = Base.lproj/LaunchScreen.storyboard; sourceTree = "<group>"; };
		4C3DBFCE2A9AB4CE004C62CD /* SPUTM.app */ = {isa = PBXFileReference; explicitFileType = wrapper.application; includeInIndex = 0; path = SPUTM.app; sourceTree = BUILT_PRODUCTS_DIR; };
		4C3DBFD02A9AB4CE004C62CD /* AppDelegate.swift */ = {isa = PBXFileReference; lastKnownFileType = sourcecode.swift; path = AppDelegate.swift; sourceTree = "<group>"; };
		4C3DBFD22A9AB4CE004C62CD /* GameViewController.swift */ = {isa = PBXFileReference; lastKnownFileType = sourcecode.swift; path = GameViewController.swift; sourceTree = "<group>"; };
		4C3DBFD52A9AB4CE004C62CD /* Base */ = {isa = PBXFileReference; lastKnownFileType = file.storyboard; name = Base; path = Base.lproj/Main.storyboard; sourceTree = "<group>"; };
		4C3DBFD82A9AB4CE004C62CD /* Base */ = {isa = PBXFileReference; lastKnownFileType = file.storyboard; name = Base; path = Base.lproj/LaunchScreen.storyboard; sourceTree = "<group>"; };
		4C3DBFDE2A9AB4CE004C62CD /* SPUTM.app */ = {isa = PBXFileReference; explicitFileType = wrapper.application; includeInIndex = 0; path = SPUTM.app; sourceTree = BUILT_PRODUCTS_DIR; };
		4C3DBFE02A9AB4CE004C62CD /* AppDelegate.swift */ = {isa = PBXFileReference; lastKnownFileType = sourcecode.swift; path = AppDelegate.swift; sourceTree = "<group>"; };
		4C3DBFE22A9AB4CE004C62CD /* GameViewController.swift */ = {isa = PBXFileReference; lastKnownFileType = sourcecode.swift; path = GameViewController.swift; sourceTree = "<group>"; };
		4C3DBFE52A9AB4CE004C62CD /* Base */ = {isa = PBXFileReference; lastKnownFileType = file.storyboard; name = Base; path = Base.lproj/Main.storyboard; sourceTree = "<group>"; };
		4C3DBFE72A9AB4CE004C62CD /* SPUTM_macOS.entitlements */ = {isa = PBXFileReference; lastKnownFileType = text.plist.entitlements; path = SPUTM_macOS.entitlements; sourceTree = "<group>"; };
		4C3DBFFF2A9AC58A004C62CD /* Engine.swift */ = {isa = PBXFileReference; lastKnownFileType = sourcecode.swift; path = Engine.swift; sourceTree = "<group>"; };
		4C3DC0032A9AC8A4004C62CD /* Variables.swift */ = {isa = PBXFileReference; lastKnownFileType = sourcecode.swift; path = Variables.swift; sourceTree = "<group>"; };
		4C3DC00B2A9ACE92004C62CD /* Errors.swift */ = {isa = PBXFileReference; lastKnownFileType = sourcecode.swift; path = Errors.swift; sourceTree = "<group>"; };
		4C3DC00F2A9AD758004C62CD /* Instructions.swift */ = {isa = PBXFileReference; lastKnownFileType = sourcecode.swift; path = Instructions.swift; sourceTree = "<group>"; };
		4C69051F2B0E11AC000CBA27 /* OpcodeTableV5.swift */ = {isa = PBXFileReference; lastKnownFileType = sourcecode.swift; path = OpcodeTableV5.swift; sourceTree = "<group>"; };
		4C6905232B0E11B6000CBA27 /* OpcodeTableV4.swift */ = {isa = PBXFileReference; lastKnownFileType = sourcecode.swift; path = OpcodeTableV4.swift; sourceTree = "<group>"; };
		4C6905272B0E35DA000CBA27 /* OpcodeTableV3.swift */ = {isa = PBXFileReference; lastKnownFileType = sourcecode.swift; path = OpcodeTableV3.swift; sourceTree = "<group>"; };
		4C69052B2B0E416A000CBA27 /* CommonOpcodes.swift */ = {isa = PBXFileReference; lastKnownFileType = sourcecode.swift; path = CommonOpcodes.swift; sourceTree = "<group>"; };
		4C69052F2B0E4AB7000CBA27 /* OpcodeTableV2.swift */ = {isa = PBXFileReference; lastKnownFileType = sourcecode.swift; path = OpcodeTableV2.swift; sourceTree = "<group>"; };
		4CAF1B1A2B0E9A560051811E /* OpcodeTableV6.swift */ = {isa = PBXFileReference; lastKnownFileType = sourcecode.swift; path = OpcodeTableV6.swift; sourceTree = "<group>"; };
		4CD1E00C2B1105EA006628B6 /* Move.swift */ = {isa = PBXFileReference; lastKnownFileType = sourcecode.swift; path = Move.swift; sourceTree = "<group>"; };
		4CD1E0112B110621006628B6 /* InstructionProtocol.swift */ = {isa = PBXFileReference; lastKnownFileType = sourcecode.swift; path = InstructionProtocol.swift; sourceTree = "<group>"; };
		4CDE8D4A2B0ABEAD00AFB4A7 /* InstructionDefinitions.swift */ = {isa = PBXFileReference; lastKnownFileType = sourcecode.swift; path = InstructionDefinitions.swift; sourceTree = "<group>"; };
/* End PBXFileReference section */

/* Begin PBXFrameworksBuildPhase section */
		4C3DBFBA2A9AB4CD004C62CD /* Frameworks */ = {
			isa = PBXFrameworksBuildPhase;
			buildActionMask = 2147483647;
			files = (
				4C2B2EA72A9BE6130098A7CF /* ScummCore in Frameworks */,
			);
			runOnlyForDeploymentPostprocessing = 0;
		};
		4C3DBFCB2A9AB4CE004C62CD /* Frameworks */ = {
			isa = PBXFrameworksBuildPhase;
			buildActionMask = 2147483647;
			files = (
				4C2B2EA92A9BE6470098A7CF /* ScummCore in Frameworks */,
			);
			runOnlyForDeploymentPostprocessing = 0;
		};
		4C3DBFDB2A9AB4CE004C62CD /* Frameworks */ = {
			isa = PBXFrameworksBuildPhase;
			buildActionMask = 2147483647;
			files = (
				4C2B2EA52A9BE4F80098A7CF /* ScummCore in Frameworks */,
			);
			runOnlyForDeploymentPostprocessing = 0;
		};
/* End PBXFrameworksBuildPhase section */

/* Begin PBXGroup section */
		4C2B2EA32A9BE4F80098A7CF /* Frameworks */ = {
			isa = PBXGroup;
			children = (
			);
			name = Frameworks;
			sourceTree = "<group>";
		};
		4C3DBFAF2A9AB4C9004C62CD = {
			isa = PBXGroup;
			children = (
				4C3DBFB42A9AB4C9004C62CD /* SPUTM Shared */,
				4C3DBFBF2A9AB4CD004C62CD /* SPUTM iOS */,
				4C3DBFCF2A9AB4CE004C62CD /* SPUTM tvOS */,
				4C3DBFDF2A9AB4CE004C62CD /* SPUTM macOS */,
				4C3DBFBE2A9AB4CD004C62CD /* Products */,
				4C2B2EA32A9BE4F80098A7CF /* Frameworks */,
			);
			sourceTree = "<group>";
		};
		4C3DBFB42A9AB4C9004C62CD /* SPUTM Shared */ = {
			isa = PBXGroup;
			children = (
				4C3DBFB52A9AB4C9004C62CD /* Actions.sks */,
				4C3DBFB62A9AB4C9004C62CD /* GameScene.sks */,
				4C3DBFB72A9AB4C9004C62CD /* GameScene.swift */,
				4C3DC00B2A9ACE92004C62CD /* Errors.swift */,
				4C3DBFB82A9AB4CD004C62CD /* Assets.xcassets */,
				4C3DBFFF2A9AC58A004C62CD /* Engine.swift */,
				4C2B2EAE2A9C180D0098A7CF /* CLI.swift */,
				4C3DC0032A9AC8A4004C62CD /* Variables.swift */,
				4C084CBB2B0A8CE5006D7865 /* ScummGameDetector.swift */,
				4CFFF6D72AFA9A9600E44745 /* Opcodes */,
			);
			path = "SPUTM Shared";
			sourceTree = "<group>";
		};
		4C3DBFBE2A9AB4CD004C62CD /* Products */ = {
			isa = PBXGroup;
			children = (
				4C3DBFBD2A9AB4CD004C62CD /* SPUTM.app */,
				4C3DBFCE2A9AB4CE004C62CD /* SPUTM.app */,
				4C3DBFDE2A9AB4CE004C62CD /* SPUTM.app */,
			);
			name = Products;
			sourceTree = "<group>";
		};
		4C3DBFBF2A9AB4CD004C62CD /* SPUTM iOS */ = {
			isa = PBXGroup;
			children = (
				4C3DBFC02A9AB4CD004C62CD /* AppDelegate.swift */,
				4C3DBFC22A9AB4CD004C62CD /* GameViewController.swift */,
				4C3DBFC42A9AB4CD004C62CD /* Main.storyboard */,
				4C3DBFC72A9AB4CD004C62CD /* LaunchScreen.storyboard */,
			);
			path = "SPUTM iOS";
			sourceTree = "<group>";
		};
		4C3DBFCF2A9AB4CE004C62CD /* SPUTM tvOS */ = {
			isa = PBXGroup;
			children = (
				4C3DBFD02A9AB4CE004C62CD /* AppDelegate.swift */,
				4C3DBFD22A9AB4CE004C62CD /* GameViewController.swift */,
				4C3DBFD42A9AB4CE004C62CD /* Main.storyboard */,
				4C3DBFD72A9AB4CE004C62CD /* LaunchScreen.storyboard */,
			);
			path = "SPUTM tvOS";
			sourceTree = "<group>";
		};
		4C3DBFDF2A9AB4CE004C62CD /* SPUTM macOS */ = {
			isa = PBXGroup;
			children = (
				4C2B2EAD2A9C0C650098A7CF /* SPUTM-macOS-Info.plist */,
				4C3DBFE02A9AB4CE004C62CD /* AppDelegate.swift */,
				4C3DBFE22A9AB4CE004C62CD /* GameViewController.swift */,
				4C3DBFE42A9AB4CE004C62CD /* Main.storyboard */,
				4C3DBFE72A9AB4CE004C62CD /* SPUTM_macOS.entitlements */,
			);
			path = "SPUTM macOS";
			sourceTree = "<group>";
		};
		4CD1E0102B1105EE006628B6 /* Instructions */ = {
			isa = PBXGroup;
			children = (
				4CD1E00C2B1105EA006628B6 /* Move.swift */,
				4CD1E0112B110621006628B6 /* InstructionProtocol.swift */,
			);
			path = Instructions;
			sourceTree = "<group>";
		};
		4CFFF6D72AFA9A9600E44745 /* Opcodes */ = {
			isa = PBXGroup;
			children = (
				4C3DC00F2A9AD758004C62CD /* Instructions.swift */,
				4CDE8D4A2B0ABEAD00AFB4A7 /* InstructionDefinitions.swift */,
				4C69052B2B0E416A000CBA27 /* CommonOpcodes.swift */,
				4C3B24322B0B4AFA008B43AF /* OpcodeTable.swift */,
				4C69052F2B0E4AB7000CBA27 /* OpcodeTableV2.swift */,
				4C6905272B0E35DA000CBA27 /* OpcodeTableV3.swift */,
				4C6905232B0E11B6000CBA27 /* OpcodeTableV4.swift */,
				4C69051F2B0E11AC000CBA27 /* OpcodeTableV5.swift */,
				4CAF1B1A2B0E9A560051811E /* OpcodeTableV6.swift */,
				4CD1E0102B1105EE006628B6 /* Instructions */,
			);
			path = Opcodes;
			sourceTree = "<group>";
		};
/* End PBXGroup section */

/* Begin PBXNativeTarget section */
		4C3DBFBC2A9AB4CD004C62CD /* SPUTM iOS */ = {
			isa = PBXNativeTarget;
			buildConfigurationList = 4C3DBFF62A9AB4CE004C62CD /* Build configuration list for PBXNativeTarget "SPUTM iOS" */;
			buildPhases = (
				4C3DBFB92A9AB4CD004C62CD /* Sources */,
				4C3DBFBA2A9AB4CD004C62CD /* Frameworks */,
				4C3DBFBB2A9AB4CD004C62CD /* Resources */,
			);
			buildRules = (
			);
			dependencies = (
			);
			name = "SPUTM iOS";
			packageProductDependencies = (
				4C2B2EA62A9BE6130098A7CF /* ScummCore */,
			);
			productName = "SPUTM iOS";
			productReference = 4C3DBFBD2A9AB4CD004C62CD /* SPUTM.app */;
			productType = "com.apple.product-type.application";
		};
		4C3DBFCD2A9AB4CE004C62CD /* SPUTM tvOS */ = {
			isa = PBXNativeTarget;
			buildConfigurationList = 4C3DBFF92A9AB4CE004C62CD /* Build configuration list for PBXNativeTarget "SPUTM tvOS" */;
			buildPhases = (
				4C3DBFCA2A9AB4CE004C62CD /* Sources */,
				4C3DBFCB2A9AB4CE004C62CD /* Frameworks */,
				4C3DBFCC2A9AB4CE004C62CD /* Resources */,
			);
			buildRules = (
			);
			dependencies = (
			);
			name = "SPUTM tvOS";
			packageProductDependencies = (
				4C2B2EA82A9BE6470098A7CF /* ScummCore */,
			);
			productName = "SPUTM tvOS";
			productReference = 4C3DBFCE2A9AB4CE004C62CD /* SPUTM.app */;
			productType = "com.apple.product-type.application";
		};
		4C3DBFDD2A9AB4CE004C62CD /* SPUTM macOS */ = {
			isa = PBXNativeTarget;
			buildConfigurationList = 4C3DBFFC2A9AB4CE004C62CD /* Build configuration list for PBXNativeTarget "SPUTM macOS" */;
			buildPhases = (
				4C3DBFDA2A9AB4CE004C62CD /* Sources */,
				4C3DBFDB2A9AB4CE004C62CD /* Frameworks */,
				4C3DBFDC2A9AB4CE004C62CD /* Resources */,
			);
			buildRules = (
			);
			dependencies = (
			);
			name = "SPUTM macOS";
			packageProductDependencies = (
				4C2B2EA42A9BE4F80098A7CF /* ScummCore */,
			);
			productName = "SPUTM macOS";
			productReference = 4C3DBFDE2A9AB4CE004C62CD /* SPUTM.app */;
			productType = "com.apple.product-type.application";
		};
/* End PBXNativeTarget section */

/* Begin PBXProject section */
		4C3DBFB02A9AB4C9004C62CD /* Project object */ = {
			isa = PBXProject;
			attributes = {
				BuildIndependentTargetsInParallel = 1;
				LastSwiftUpdateCheck = 1430;
				LastUpgradeCheck = 1430;
				TargetAttributes = {
					4C3DBFBC2A9AB4CD004C62CD = {
						CreatedOnToolsVersion = 14.3.1;
					};
					4C3DBFCD2A9AB4CE004C62CD = {
						CreatedOnToolsVersion = 14.3.1;
					};
					4C3DBFDD2A9AB4CE004C62CD = {
						CreatedOnToolsVersion = 14.3.1;
					};
				};
			};
			buildConfigurationList = 4C3DBFB32A9AB4C9004C62CD /* Build configuration list for PBXProject "SPUTM" */;
			compatibilityVersion = "Xcode 14.0";
			developmentRegion = en;
			hasScannedForEncodings = 0;
			knownRegions = (
				en,
				Base,
			);
			mainGroup = 4C3DBFAF2A9AB4C9004C62CD;
			productRefGroup = 4C3DBFBE2A9AB4CD004C62CD /* Products */;
			projectDirPath = "";
			projectRoot = "";
			targets = (
				4C3DBFBC2A9AB4CD004C62CD /* SPUTM iOS */,
				4C3DBFCD2A9AB4CE004C62CD /* SPUTM tvOS */,
				4C3DBFDD2A9AB4CE004C62CD /* SPUTM macOS */,
			);
		};
/* End PBXProject section */

/* Begin PBXResourcesBuildPhase section */
		4C3DBFBB2A9AB4CD004C62CD /* Resources */ = {
			isa = PBXResourcesBuildPhase;
			buildActionMask = 2147483647;
			files = (
				4C3DBFEB2A9AB4CE004C62CD /* GameScene.sks in Resources */,
				4C3DBFC62A9AB4CD004C62CD /* Main.storyboard in Resources */,
				4C3DBFE82A9AB4CE004C62CD /* Actions.sks in Resources */,
				4C3DBFC92A9AB4CD004C62CD /* LaunchScreen.storyboard in Resources */,
				4C3DBFF12A9AB4CE004C62CD /* Assets.xcassets in Resources */,
			);
			runOnlyForDeploymentPostprocessing = 0;
		};
		4C3DBFCC2A9AB4CE004C62CD /* Resources */ = {
			isa = PBXResourcesBuildPhase;
			buildActionMask = 2147483647;
			files = (
				4C3DBFEC2A9AB4CE004C62CD /* GameScene.sks in Resources */,
				4C3DBFD62A9AB4CE004C62CD /* Main.storyboard in Resources */,
				4C3DBFE92A9AB4CE004C62CD /* Actions.sks in Resources */,
				4C3DBFD92A9AB4CE004C62CD /* LaunchScreen.storyboard in Resources */,
				4C3DBFF22A9AB4CE004C62CD /* Assets.xcassets in Resources */,
			);
			runOnlyForDeploymentPostprocessing = 0;
		};
		4C3DBFDC2A9AB4CE004C62CD /* Resources */ = {
			isa = PBXResourcesBuildPhase;
			buildActionMask = 2147483647;
			files = (
				4C3DBFE62A9AB4CE004C62CD /* Main.storyboard in Resources */,
				4C3DBFED2A9AB4CE004C62CD /* GameScene.sks in Resources */,
				4C3DBFF32A9AB4CE004C62CD /* Assets.xcassets in Resources */,
				4C3DBFEA2A9AB4CE004C62CD /* Actions.sks in Resources */,
			);
			runOnlyForDeploymentPostprocessing = 0;
		};
/* End PBXResourcesBuildPhase section */

/* Begin PBXSourcesBuildPhase section */
		4C3DBFB92A9AB4CD004C62CD /* Sources */ = {
			isa = PBXSourcesBuildPhase;
			buildActionMask = 2147483647;
			files = (
				4C6905242B0E11B6000CBA27 /* OpcodeTableV4.swift in Sources */,
				4C3DBFEE2A9AB4CE004C62CD /* GameScene.swift in Sources */,
				4C3DC0042A9AC8A4004C62CD /* Variables.swift in Sources */,
				4C3DC0002A9AC58A004C62CD /* Engine.swift in Sources */,
				4C2B2EAA2A9C06A70098A7CF /* Instructions.swift in Sources */,
				4CDE8D4B2B0ABEAD00AFB4A7 /* InstructionDefinitions.swift in Sources */,
				4C084CBC2B0A8CE5006D7865 /* ScummGameDetector.swift in Sources */,
				4C2B2EAF2A9C180D0098A7CF /* CLI.swift in Sources */,
				4C6905302B0E4AB7000CBA27 /* OpcodeTableV2.swift in Sources */,
				4C6905202B0E11AC000CBA27 /* OpcodeTableV5.swift in Sources */,
				4CD1E00D2B1105EA006628B6 /* Move.swift in Sources */,
				4C3DBFC32A9AB4CD004C62CD /* GameViewController.swift in Sources */,
				4CAF1B1B2B0E9A560051811E /* OpcodeTableV6.swift in Sources */,
				4CD1E0122B110621006628B6 /* InstructionProtocol.swift in Sources */,
				4C69052C2B0E416A000CBA27 /* CommonOpcodes.swift in Sources */,
				4C3DBFC12A9AB4CD004C62CD /* AppDelegate.swift in Sources */,
				4C3DC00C2A9ACE92004C62CD /* Errors.swift in Sources */,
				4C3B24332B0B4AFA008B43AF /* OpcodeTable.swift in Sources */,
				4C6905282B0E35DA000CBA27 /* OpcodeTableV3.swift in Sources */,
			);
			runOnlyForDeploymentPostprocessing = 0;
		};
		4C3DBFCA2A9AB4CE004C62CD /* Sources */ = {
			isa = PBXSourcesBuildPhase;
			buildActionMask = 2147483647;
			files = (
				4C6905252B0E11B6000CBA27 /* OpcodeTableV4.swift in Sources */,
				4C3DBFEF2A9AB4CE004C62CD /* GameScene.swift in Sources */,
				4C3DC0052A9AC8A4004C62CD /* Variables.swift in Sources */,
				4C3DC0012A9AC58A004C62CD /* Engine.swift in Sources */,
				4C2B2EAB2A9C06A70098A7CF /* Instructions.swift in Sources */,
				4CDE8D4C2B0ABEAD00AFB4A7 /* InstructionDefinitions.swift in Sources */,
				4C084CBD2B0A8CE5006D7865 /* ScummGameDetector.swift in Sources */,
				4C2B2EB02A9C180D0098A7CF /* CLI.swift in Sources */,
				4C6905312B0E4AB7000CBA27 /* OpcodeTableV2.swift in Sources */,
				4C6905212B0E11AC000CBA27 /* OpcodeTableV5.swift in Sources */,
				4CD1E00E2B1105EA006628B6 /* Move.swift in Sources */,
				4C3DBFD32A9AB4CE004C62CD /* GameViewController.swift in Sources */,
				4CAF1B1C2B0E9A560051811E /* OpcodeTableV6.swift in Sources */,
				4CD1E0132B110621006628B6 /* InstructionProtocol.swift in Sources */,
				4C69052D2B0E416A000CBA27 /* CommonOpcodes.swift in Sources */,
				4C3DBFD12A9AB4CE004C62CD /* AppDelegate.swift in Sources */,
				4C3DC00D2A9ACE92004C62CD /* Errors.swift in Sources */,
				4C3B24342B0B4AFA008B43AF /* OpcodeTable.swift in Sources */,
				4C6905292B0E35DA000CBA27 /* OpcodeTableV3.swift in Sources */,
			);
			runOnlyForDeploymentPostprocessing = 0;
		};
		4C3DBFDA2A9AB4CE004C62CD /* Sources */ = {
			isa = PBXSourcesBuildPhase;
			buildActionMask = 2147483647;
			files = (
				4C6905262B0E11B6000CBA27 /* OpcodeTableV4.swift in Sources */,
				4C3DBFF02A9AB4CE004C62CD /* GameScene.swift in Sources */,
				4C3DC0062A9AC8A4004C62CD /* Variables.swift in Sources */,
				4C3DC0022A9AC58A004C62CD /* Engine.swift in Sources */,
				4C2B2EAC2A9C06A80098A7CF /* Instructions.swift in Sources */,
				4CDE8D4D2B0ABEAD00AFB4A7 /* InstructionDefinitions.swift in Sources */,
				4C084CBE2B0A8CE5006D7865 /* ScummGameDetector.swift in Sources */,
				4C2B2EB12A9C180D0098A7CF /* CLI.swift in Sources */,
				4C6905322B0E4AB7000CBA27 /* OpcodeTableV2.swift in Sources */,
				4C6905222B0E11AC000CBA27 /* OpcodeTableV5.swift in Sources */,
				4CD1E00F2B1105EA006628B6 /* Move.swift in Sources */,
				4C3DBFE32A9AB4CE004C62CD /* GameViewController.swift in Sources */,
				4CAF1B1D2B0E9A560051811E /* OpcodeTableV6.swift in Sources */,
				4CD1E0142B110621006628B6 /* InstructionProtocol.swift in Sources */,
				4C69052E2B0E416A000CBA27 /* CommonOpcodes.swift in Sources */,
				4C3DBFE12A9AB4CE004C62CD /* AppDelegate.swift in Sources */,
				4C3DC00E2A9ACE92004C62CD /* Errors.swift in Sources */,
				4C3B24352B0B4AFA008B43AF /* OpcodeTable.swift in Sources */,
				4C69052A2B0E35DA000CBA27 /* OpcodeTableV3.swift in Sources */,
			);
			runOnlyForDeploymentPostprocessing = 0;
		};
/* End PBXSourcesBuildPhase section */

/* Begin PBXVariantGroup section */
		4C3DBFC42A9AB4CD004C62CD /* Main.storyboard */ = {
			isa = PBXVariantGroup;
			children = (
				4C3DBFC52A9AB4CD004C62CD /* Base */,
			);
			name = Main.storyboard;
			sourceTree = "<group>";
		};
		4C3DBFC72A9AB4CD004C62CD /* LaunchScreen.storyboard */ = {
			isa = PBXVariantGroup;
			children = (
				4C3DBFC82A9AB4CD004C62CD /* Base */,
			);
			name = LaunchScreen.storyboard;
			sourceTree = "<group>";
		};
		4C3DBFD42A9AB4CE004C62CD /* Main.storyboard */ = {
			isa = PBXVariantGroup;
			children = (
				4C3DBFD52A9AB4CE004C62CD /* Base */,
			);
			name = Main.storyboard;
			sourceTree = "<group>";
		};
		4C3DBFD72A9AB4CE004C62CD /* LaunchScreen.storyboard */ = {
			isa = PBXVariantGroup;
			children = (
				4C3DBFD82A9AB4CE004C62CD /* Base */,
			);
			name = LaunchScreen.storyboard;
			sourceTree = "<group>";
		};
		4C3DBFE42A9AB4CE004C62CD /* Main.storyboard */ = {
			isa = PBXVariantGroup;
			children = (
				4C3DBFE52A9AB4CE004C62CD /* Base */,
			);
			name = Main.storyboard;
			sourceTree = "<group>";
		};
/* End PBXVariantGroup section */

/* Begin XCBuildConfiguration section */
		4C3DBFF42A9AB4CE004C62CD /* Debug */ = {
			isa = XCBuildConfiguration;
			buildSettings = {
				ALWAYS_SEARCH_USER_PATHS = NO;
				CLANG_ANALYZER_NONNULL = YES;
				CLANG_ANALYZER_NUMBER_OBJECT_CONVERSION = YES_AGGRESSIVE;
				CLANG_CXX_LANGUAGE_STANDARD = "gnu++20";
				CLANG_ENABLE_MODULES = YES;
				CLANG_ENABLE_OBJC_ARC = YES;
				CLANG_ENABLE_OBJC_WEAK = YES;
				CLANG_WARN_BLOCK_CAPTURE_AUTORELEASING = YES;
				CLANG_WARN_BOOL_CONVERSION = YES;
				CLANG_WARN_COMMA = YES;
				CLANG_WARN_CONSTANT_CONVERSION = YES;
				CLANG_WARN_DEPRECATED_OBJC_IMPLEMENTATIONS = YES;
				CLANG_WARN_DIRECT_OBJC_ISA_USAGE = YES_ERROR;
				CLANG_WARN_DOCUMENTATION_COMMENTS = YES;
				CLANG_WARN_EMPTY_BODY = YES;
				CLANG_WARN_ENUM_CONVERSION = YES;
				CLANG_WARN_INFINITE_RECURSION = YES;
				CLANG_WARN_INT_CONVERSION = YES;
				CLANG_WARN_NON_LITERAL_NULL_CONVERSION = YES;
				CLANG_WARN_OBJC_IMPLICIT_RETAIN_SELF = YES;
				CLANG_WARN_OBJC_LITERAL_CONVERSION = YES;
				CLANG_WARN_OBJC_ROOT_CLASS = YES_ERROR;
				CLANG_WARN_QUOTED_INCLUDE_IN_FRAMEWORK_HEADER = YES;
				CLANG_WARN_RANGE_LOOP_ANALYSIS = YES;
				CLANG_WARN_STRICT_PROTOTYPES = YES;
				CLANG_WARN_SUSPICIOUS_MOVE = YES;
				CLANG_WARN_UNGUARDED_AVAILABILITY = YES_AGGRESSIVE;
				CLANG_WARN_UNREACHABLE_CODE = YES;
				CLANG_WARN__DUPLICATE_METHOD_MATCH = YES;
				COPY_PHASE_STRIP = NO;
				DEBUG_INFORMATION_FORMAT = dwarf;
				ENABLE_STRICT_OBJC_MSGSEND = YES;
				ENABLE_TESTABILITY = YES;
				GCC_C_LANGUAGE_STANDARD = gnu11;
				GCC_DYNAMIC_NO_PIC = NO;
				GCC_NO_COMMON_BLOCKS = YES;
				GCC_OPTIMIZATION_LEVEL = 0;
				GCC_PREPROCESSOR_DEFINITIONS = (
					"DEBUG=1",
					"$(inherited)",
				);
				GCC_WARN_64_TO_32_BIT_CONVERSION = YES;
				GCC_WARN_ABOUT_RETURN_TYPE = YES_ERROR;
				GCC_WARN_UNDECLARED_SELECTOR = YES;
				GCC_WARN_UNINITIALIZED_AUTOS = YES_AGGRESSIVE;
				GCC_WARN_UNUSED_FUNCTION = YES;
				GCC_WARN_UNUSED_VARIABLE = YES;
				MTL_ENABLE_DEBUG_INFO = INCLUDE_SOURCE;
				MTL_FAST_MATH = YES;
				ONLY_ACTIVE_ARCH = YES;
				SWIFT_ACTIVE_COMPILATION_CONDITIONS = DEBUG;
				SWIFT_OPTIMIZATION_LEVEL = "-Onone";
			};
			name = Debug;
		};
		4C3DBFF52A9AB4CE004C62CD /* Release */ = {
			isa = XCBuildConfiguration;
			buildSettings = {
				ALWAYS_SEARCH_USER_PATHS = NO;
				CLANG_ANALYZER_NONNULL = YES;
				CLANG_ANALYZER_NUMBER_OBJECT_CONVERSION = YES_AGGRESSIVE;
				CLANG_CXX_LANGUAGE_STANDARD = "gnu++20";
				CLANG_ENABLE_MODULES = YES;
				CLANG_ENABLE_OBJC_ARC = YES;
				CLANG_ENABLE_OBJC_WEAK = YES;
				CLANG_WARN_BLOCK_CAPTURE_AUTORELEASING = YES;
				CLANG_WARN_BOOL_CONVERSION = YES;
				CLANG_WARN_COMMA = YES;
				CLANG_WARN_CONSTANT_CONVERSION = YES;
				CLANG_WARN_DEPRECATED_OBJC_IMPLEMENTATIONS = YES;
				CLANG_WARN_DIRECT_OBJC_ISA_USAGE = YES_ERROR;
				CLANG_WARN_DOCUMENTATION_COMMENTS = YES;
				CLANG_WARN_EMPTY_BODY = YES;
				CLANG_WARN_ENUM_CONVERSION = YES;
				CLANG_WARN_INFINITE_RECURSION = YES;
				CLANG_WARN_INT_CONVERSION = YES;
				CLANG_WARN_NON_LITERAL_NULL_CONVERSION = YES;
				CLANG_WARN_OBJC_IMPLICIT_RETAIN_SELF = YES;
				CLANG_WARN_OBJC_LITERAL_CONVERSION = YES;
				CLANG_WARN_OBJC_ROOT_CLASS = YES_ERROR;
				CLANG_WARN_QUOTED_INCLUDE_IN_FRAMEWORK_HEADER = YES;
				CLANG_WARN_RANGE_LOOP_ANALYSIS = YES;
				CLANG_WARN_STRICT_PROTOTYPES = YES;
				CLANG_WARN_SUSPICIOUS_MOVE = YES;
				CLANG_WARN_UNGUARDED_AVAILABILITY = YES_AGGRESSIVE;
				CLANG_WARN_UNREACHABLE_CODE = YES;
				CLANG_WARN__DUPLICATE_METHOD_MATCH = YES;
				COPY_PHASE_STRIP = NO;
				DEBUG_INFORMATION_FORMAT = "dwarf-with-dsym";
				ENABLE_NS_ASSERTIONS = NO;
				ENABLE_STRICT_OBJC_MSGSEND = YES;
				GCC_C_LANGUAGE_STANDARD = gnu11;
				GCC_NO_COMMON_BLOCKS = YES;
				GCC_WARN_64_TO_32_BIT_CONVERSION = YES;
				GCC_WARN_ABOUT_RETURN_TYPE = YES_ERROR;
				GCC_WARN_UNDECLARED_SELECTOR = YES;
				GCC_WARN_UNINITIALIZED_AUTOS = YES_AGGRESSIVE;
				GCC_WARN_UNUSED_FUNCTION = YES;
				GCC_WARN_UNUSED_VARIABLE = YES;
				MTL_ENABLE_DEBUG_INFO = NO;
				MTL_FAST_MATH = YES;
				SWIFT_COMPILATION_MODE = wholemodule;
				SWIFT_OPTIMIZATION_LEVEL = "-O";
			};
			name = Release;
		};
		4C3DBFF72A9AB4CE004C62CD /* Debug */ = {
			isa = XCBuildConfiguration;
			buildSettings = {
				ASSETCATALOG_COMPILER_APPICON_NAME = AppIcon;
				ASSETCATALOG_COMPILER_GLOBAL_ACCENT_COLOR_NAME = AccentColor;
				CODE_SIGN_STYLE = Automatic;
				CURRENT_PROJECT_VERSION = 1;
				DEVELOPMENT_TEAM = FNBTP68MJQ;
				GENERATE_INFOPLIST_FILE = YES;
				INFOPLIST_KEY_UIApplicationSupportsIndirectInputEvents = YES;
				INFOPLIST_KEY_UILaunchStoryboardName = LaunchScreen;
				INFOPLIST_KEY_UIMainStoryboardFile = Main;
				INFOPLIST_KEY_UIStatusBarHidden = YES;
				INFOPLIST_KEY_UISupportedInterfaceOrientations_iPad = "UIInterfaceOrientationPortrait UIInterfaceOrientationPortraitUpsideDown UIInterfaceOrientationLandscapeLeft UIInterfaceOrientationLandscapeRight";
				INFOPLIST_KEY_UISupportedInterfaceOrientations_iPhone = "UIInterfaceOrientationPortrait UIInterfaceOrientationLandscapeLeft UIInterfaceOrientationLandscapeRight";
				IPHONEOS_DEPLOYMENT_TARGET = 16.4;
				LD_RUNPATH_SEARCH_PATHS = (
					"$(inherited)",
					"@executable_path/Frameworks",
				);
				MARKETING_VERSION = 1.0;
				PRODUCT_BUNDLE_IDENTIFIER = com.michaelborgmann.SPUTM;
				PRODUCT_NAME = SPUTM;
				SDKROOT = iphoneos;
				SWIFT_EMIT_LOC_STRINGS = YES;
				SWIFT_VERSION = 5.0;
				TARGETED_DEVICE_FAMILY = "1,2";
			};
			name = Debug;
		};
		4C3DBFF82A9AB4CE004C62CD /* Release */ = {
			isa = XCBuildConfiguration;
			buildSettings = {
				ASSETCATALOG_COMPILER_APPICON_NAME = AppIcon;
				ASSETCATALOG_COMPILER_GLOBAL_ACCENT_COLOR_NAME = AccentColor;
				CODE_SIGN_STYLE = Automatic;
				CURRENT_PROJECT_VERSION = 1;
				DEVELOPMENT_TEAM = FNBTP68MJQ;
				GENERATE_INFOPLIST_FILE = YES;
				INFOPLIST_KEY_UIApplicationSupportsIndirectInputEvents = YES;
				INFOPLIST_KEY_UILaunchStoryboardName = LaunchScreen;
				INFOPLIST_KEY_UIMainStoryboardFile = Main;
				INFOPLIST_KEY_UIStatusBarHidden = YES;
				INFOPLIST_KEY_UISupportedInterfaceOrientations_iPad = "UIInterfaceOrientationPortrait UIInterfaceOrientationPortraitUpsideDown UIInterfaceOrientationLandscapeLeft UIInterfaceOrientationLandscapeRight";
				INFOPLIST_KEY_UISupportedInterfaceOrientations_iPhone = "UIInterfaceOrientationPortrait UIInterfaceOrientationLandscapeLeft UIInterfaceOrientationLandscapeRight";
				IPHONEOS_DEPLOYMENT_TARGET = 16.4;
				LD_RUNPATH_SEARCH_PATHS = (
					"$(inherited)",
					"@executable_path/Frameworks",
				);
				MARKETING_VERSION = 1.0;
				PRODUCT_BUNDLE_IDENTIFIER = com.michaelborgmann.SPUTM;
				PRODUCT_NAME = SPUTM;
				SDKROOT = iphoneos;
				SWIFT_EMIT_LOC_STRINGS = YES;
				SWIFT_VERSION = 5.0;
				TARGETED_DEVICE_FAMILY = "1,2";
				VALIDATE_PRODUCT = YES;
			};
			name = Release;
		};
		4C3DBFFA2A9AB4CE004C62CD /* Debug */ = {
			isa = XCBuildConfiguration;
			buildSettings = {
				ASSETCATALOG_COMPILER_APPICON_NAME = "tvOS App Icon & Top Shelf Image";
				ASSETCATALOG_COMPILER_GLOBAL_ACCENT_COLOR_NAME = AccentColor;
				CODE_SIGN_STYLE = Automatic;
				CURRENT_PROJECT_VERSION = 1;
				DEVELOPMENT_TEAM = FNBTP68MJQ;
				GENERATE_INFOPLIST_FILE = YES;
				INFOPLIST_KEY_UILaunchStoryboardName = LaunchScreen;
				INFOPLIST_KEY_UIMainStoryboardFile = Main;
				INFOPLIST_KEY_UIUserInterfaceStyle = Automatic;
				LD_RUNPATH_SEARCH_PATHS = (
					"$(inherited)",
					"@executable_path/Frameworks",
				);
				MARKETING_VERSION = 1.0;
				PRODUCT_BUNDLE_IDENTIFIER = com.michaelborgmann.SPUTM;
				PRODUCT_NAME = SPUTM;
				SDKROOT = appletvos;
				SWIFT_EMIT_LOC_STRINGS = YES;
				SWIFT_VERSION = 5.0;
				TARGETED_DEVICE_FAMILY = 3;
				TVOS_DEPLOYMENT_TARGET = 16.4;
			};
			name = Debug;
		};
		4C3DBFFB2A9AB4CE004C62CD /* Release */ = {
			isa = XCBuildConfiguration;
			buildSettings = {
				ASSETCATALOG_COMPILER_APPICON_NAME = "tvOS App Icon & Top Shelf Image";
				ASSETCATALOG_COMPILER_GLOBAL_ACCENT_COLOR_NAME = AccentColor;
				CODE_SIGN_STYLE = Automatic;
				CURRENT_PROJECT_VERSION = 1;
				DEVELOPMENT_TEAM = FNBTP68MJQ;
				GENERATE_INFOPLIST_FILE = YES;
				INFOPLIST_KEY_UILaunchStoryboardName = LaunchScreen;
				INFOPLIST_KEY_UIMainStoryboardFile = Main;
				INFOPLIST_KEY_UIUserInterfaceStyle = Automatic;
				LD_RUNPATH_SEARCH_PATHS = (
					"$(inherited)",
					"@executable_path/Frameworks",
				);
				MARKETING_VERSION = 1.0;
				PRODUCT_BUNDLE_IDENTIFIER = com.michaelborgmann.SPUTM;
				PRODUCT_NAME = SPUTM;
				SDKROOT = appletvos;
				SWIFT_EMIT_LOC_STRINGS = YES;
				SWIFT_VERSION = 5.0;
				TARGETED_DEVICE_FAMILY = 3;
				TVOS_DEPLOYMENT_TARGET = 16.4;
				VALIDATE_PRODUCT = YES;
			};
			name = Release;
		};
		4C3DBFFD2A9AB4CE004C62CD /* Debug */ = {
			isa = XCBuildConfiguration;
			buildSettings = {
				ASSETCATALOG_COMPILER_APPICON_NAME = AppIcon;
				ASSETCATALOG_COMPILER_GLOBAL_ACCENT_COLOR_NAME = AccentColor;
				CODE_SIGN_ENTITLEMENTS = "SPUTM macOS/SPUTM_macOS.entitlements";
				"CODE_SIGN_IDENTITY[sdk=macosx*]" = "Apple Development";
				CODE_SIGN_STYLE = Automatic;
				COMBINE_HIDPI_IMAGES = YES;
				CURRENT_PROJECT_VERSION = 1;
				DEVELOPMENT_TEAM = FNBTP68MJQ;
				ENABLE_HARDENED_RUNTIME = YES;
				GENERATE_INFOPLIST_FILE = YES;
				INFOPLIST_FILE = "SPUTM-macOS-Info.plist";
				INFOPLIST_KEY_CFBundleDisplayName = SPUTM;
				INFOPLIST_KEY_LSApplicationCategoryType = "public.app-category.adventure-games";
				INFOPLIST_KEY_NSHumanReadableCopyright = "";
				INFOPLIST_KEY_NSMainStoryboardFile = Main;
				INFOPLIST_KEY_NSPrincipalClass = NSApplication;
				LD_RUNPATH_SEARCH_PATHS = (
					"$(inherited)",
					"@executable_path/../Frameworks",
				);
				MACOSX_DEPLOYMENT_TARGET = 13.4;
				MARKETING_VERSION = 1.0;
				PRODUCT_BUNDLE_IDENTIFIER = com.michaelborgmann.SPUTM;
				PRODUCT_NAME = SPUTM;
				SDKROOT = macosx;
				SWIFT_EMIT_LOC_STRINGS = YES;
				SWIFT_VERSION = 5.0;
			};
			name = Debug;
		};
		4C3DBFFE2A9AB4CE004C62CD /* Release */ = {
			isa = XCBuildConfiguration;
			buildSettings = {
				ASSETCATALOG_COMPILER_APPICON_NAME = AppIcon;
				ASSETCATALOG_COMPILER_GLOBAL_ACCENT_COLOR_NAME = AccentColor;
				CODE_SIGN_ENTITLEMENTS = "SPUTM macOS/SPUTM_macOS.entitlements";
				"CODE_SIGN_IDENTITY[sdk=macosx*]" = "Apple Development";
				CODE_SIGN_STYLE = Automatic;
				COMBINE_HIDPI_IMAGES = YES;
				CURRENT_PROJECT_VERSION = 1;
				DEVELOPMENT_TEAM = FNBTP68MJQ;
				ENABLE_HARDENED_RUNTIME = YES;
				GENERATE_INFOPLIST_FILE = YES;
				INFOPLIST_FILE = "SPUTM-macOS-Info.plist";
				INFOPLIST_KEY_CFBundleDisplayName = SPUTM;
				INFOPLIST_KEY_LSApplicationCategoryType = "public.app-category.adventure-games";
				INFOPLIST_KEY_NSHumanReadableCopyright = "";
				INFOPLIST_KEY_NSMainStoryboardFile = Main;
				INFOPLIST_KEY_NSPrincipalClass = NSApplication;
				LD_RUNPATH_SEARCH_PATHS = (
					"$(inherited)",
					"@executable_path/../Frameworks",
				);
				MACOSX_DEPLOYMENT_TARGET = 13.4;
				MARKETING_VERSION = 1.0;
				PRODUCT_BUNDLE_IDENTIFIER = com.michaelborgmann.SPUTM;
				PRODUCT_NAME = SPUTM;
				SDKROOT = macosx;
				SWIFT_EMIT_LOC_STRINGS = YES;
				SWIFT_VERSION = 5.0;
			};
			name = Release;
		};
/* End XCBuildConfiguration section */

/* Begin XCConfigurationList section */
		4C3DBFB32A9AB4C9004C62CD /* Build configuration list for PBXProject "SPUTM" */ = {
			isa = XCConfigurationList;
			buildConfigurations = (
				4C3DBFF42A9AB4CE004C62CD /* Debug */,
				4C3DBFF52A9AB4CE004C62CD /* Release */,
			);
			defaultConfigurationIsVisible = 0;
			defaultConfigurationName = Release;
		};
		4C3DBFF62A9AB4CE004C62CD /* Build configuration list for PBXNativeTarget "SPUTM iOS" */ = {
			isa = XCConfigurationList;
			buildConfigurations = (
				4C3DBFF72A9AB4CE004C62CD /* Debug */,
				4C3DBFF82A9AB4CE004C62CD /* Release */,
			);
			defaultConfigurationIsVisible = 0;
			defaultConfigurationName = Release;
		};
		4C3DBFF92A9AB4CE004C62CD /* Build configuration list for PBXNativeTarget "SPUTM tvOS" */ = {
			isa = XCConfigurationList;
			buildConfigurations = (
				4C3DBFFA2A9AB4CE004C62CD /* Debug */,
				4C3DBFFB2A9AB4CE004C62CD /* Release */,
			);
			defaultConfigurationIsVisible = 0;
			defaultConfigurationName = Release;
		};
		4C3DBFFC2A9AB4CE004C62CD /* Build configuration list for PBXNativeTarget "SPUTM macOS" */ = {
			isa = XCConfigurationList;
			buildConfigurations = (
				4C3DBFFD2A9AB4CE004C62CD /* Debug */,
				4C3DBFFE2A9AB4CE004C62CD /* Release */,
			);
			defaultConfigurationIsVisible = 0;
			defaultConfigurationName = Release;
		};
/* End XCConfigurationList section */

/* Begin XCSwiftPackageProductDependency section */
		4C2B2EA42A9BE4F80098A7CF /* ScummCore */ = {
			isa = XCSwiftPackageProductDependency;
			productName = ScummCore;
		};
		4C2B2EA62A9BE6130098A7CF /* ScummCore */ = {
			isa = XCSwiftPackageProductDependency;
			productName = ScummCore;
		};
		4C2B2EA82A9BE6470098A7CF /* ScummCore */ = {
			isa = XCSwiftPackageProductDependency;
			productName = ScummCore;
		};
/* End XCSwiftPackageProductDependency section */
	};
	rootObject = 4C3DBFB02A9AB4C9004C62CD /* Project object */;
}
